// !$*UTF8*$!
{
	archiveVersion = 1;
	classes = {
	};
	objectVersion = 55;
	objects = {

/* Begin PBXBuildFile section */
		1A9543949AAE2FE6EE94342D /* Pods_Social_Network_Project.framework in Frameworks */ = {isa = PBXBuildFile; fileRef = 58671F7C899FD5AFAD4078A2 /* Pods_Social_Network_Project.framework */; };
		B005ECC029AE62FF00D70E5E /* Feed.swift in Sources */ = {isa = PBXBuildFile; fileRef = B005ECBF29AE62FF00D70E5E /* Feed.swift */; };
		B005ECC229AE63F600D70E5E /* PersonalViewModel.swift in Sources */ = {isa = PBXBuildFile; fileRef = B005ECC129AE63F600D70E5E /* PersonalViewModel.swift */; };
		B005ECC429AE890800D70E5E /* ContactsViewController.swift in Sources */ = {isa = PBXBuildFile; fileRef = B005ECC329AE890800D70E5E /* ContactsViewController.swift */; };
		B005ECC629AEFFCD00D70E5E /* ContactsTableViewCell.swift in Sources */ = {isa = PBXBuildFile; fileRef = B005ECC529AEFFCD00D70E5E /* ContactsTableViewCell.swift */; };
		B005ECC829AF072700D70E5E /* InterestsViewController.swift in Sources */ = {isa = PBXBuildFile; fileRef = B005ECC729AF072700D70E5E /* InterestsViewController.swift */; };
		B005ECCA29AF1A8A00D70E5E /* EducationViewController.swift in Sources */ = {isa = PBXBuildFile; fileRef = B005ECC929AF1A8A00D70E5E /* EducationViewController.swift */; };
		B005ECCC29AF275200D70E5E /* CareerViewController.swift in Sources */ = {isa = PBXBuildFile; fileRef = B005ECCB29AF275200D70E5E /* CareerViewController.swift */; };
		B005ECD129AF63E100D70E5E /* PostData.xcdatamodeld in Sources */ = {isa = PBXBuildFile; fileRef = B02F1A6229AE0224004F3690 /* PostData.xcdatamodeld */; };
		B005ECD529AF8BE500D70E5E /* CommentsTableViewCell.swift in Sources */ = {isa = PBXBuildFile; fileRef = B005ECD429AF8BE500D70E5E /* CommentsTableViewCell.swift */; };
		B00A1283299DECAB0004A2B9 /* EntranceViewController.swift in Sources */ = {isa = PBXBuildFile; fileRef = B00A1282299DECAB0004A2B9 /* EntranceViewController.swift */; };
		B00A1285299DFC6A0004A2B9 /* RegistrationViewController.swift in Sources */ = {isa = PBXBuildFile; fileRef = B00A1284299DFC6A0004A2B9 /* RegistrationViewController.swift */; };
		B00A1287299E2F1C0004A2B9 /* RegisterConfirmationViewController.swift in Sources */ = {isa = PBXBuildFile; fileRef = B00A1286299E2F1C0004A2B9 /* RegisterConfirmationViewController.swift */; };
		B00A1289299E3B1A0004A2B9 /* GoogleService-Info.plist in Resources */ = {isa = PBXBuildFile; fileRef = B00A1288299E3B1A0004A2B9 /* GoogleService-Info.plist */; };
		B00A128C299E3BB70004A2B9 /* AuthManager.swift in Sources */ = {isa = PBXBuildFile; fileRef = B00A128B299E3BB60004A2B9 /* AuthManager.swift */; };
		B01937EC2997A609007AEB93 /* ProfileSideMenuViewController.swift in Sources */ = {isa = PBXBuildFile; fileRef = B01937EB2997A609007AEB93 /* ProfileSideMenuViewController.swift */; };
		B02C7ACB29A8CC0800819780 /* FriendPhotosViewController.swift in Sources */ = {isa = PBXBuildFile; fileRef = B02C7ACA29A8CC0800819780 /* FriendPhotosViewController.swift */; };
		B02F1A5F29AE019D004F3690 /* Localization.swift in Sources */ = {isa = PBXBuildFile; fileRef = B02F1A5D29AE019D004F3690 /* Localization.swift */; };
		B02F1A6429AE0350004F3690 /* Localizable.strings in Resources */ = {isa = PBXBuildFile; fileRef = B02F1A6629AE0350004F3690 /* Localizable.strings */; };
		B03074C929A4EC0C00B23333 /* InformationViewController.swift in Sources */ = {isa = PBXBuildFile; fileRef = B03074C829A4EC0C00B23333 /* InformationViewController.swift */; };
		B04AC2FD299F36C800B48657 /* SignInViewController.swift in Sources */ = {isa = PBXBuildFile; fileRef = B04AC2FC299F36C800B48657 /* SignInViewController.swift */; };
		B04AC30229A141F900B48657 /* Stories.swift in Sources */ = {isa = PBXBuildFile; fileRef = B04AC30129A141F900B48657 /* Stories.swift */; };
		B06AD16D29913DFC0014BC4F /* FeedViewController.swift in Sources */ = {isa = PBXBuildFile; fileRef = B06AD16C29913DFC0014BC4F /* FeedViewController.swift */; };
		B06AD16F29913ED80014BC4F /* PersonalViewController.swift in Sources */ = {isa = PBXBuildFile; fileRef = B06AD16E29913ED80014BC4F /* PersonalViewController.swift */; };
		B06AD17329916B1D0014BC4F /* PhotosTableViewCell.swift in Sources */ = {isa = PBXBuildFile; fileRef = B06AD17129916B1C0014BC4F /* PhotosTableViewCell.swift */; };
		B06AD17429916B1D0014BC4F /* PhotosCollectionViewCell.swift in Sources */ = {isa = PBXBuildFile; fileRef = B06AD17229916B1D0014BC4F /* PhotosCollectionViewCell.swift */; };
		B06AD17629916C720014BC4F /* Photo.swift in Sources */ = {isa = PBXBuildFile; fileRef = B06AD17529916C720014BC4F /* Photo.swift */; };
		B06AD17829921CDF0014BC4F /* PhotosViewController.swift in Sources */ = {isa = PBXBuildFile; fileRef = B06AD17729921CDF0014BC4F /* PhotosViewController.swift */; };
		B06AD197299261910014BC4F /* AlbumsCollectionViewCell.swift in Sources */ = {isa = PBXBuildFile; fileRef = B06AD196299261910014BC4F /* AlbumsCollectionViewCell.swift */; };
		B06AD199299263C90014BC4F /* Album.swift in Sources */ = {isa = PBXBuildFile; fileRef = B06AD198299263C90014BC4F /* Album.swift */; };
		B06AD19C299267270014BC4F /* PhotosViewModel.swift in Sources */ = {isa = PBXBuildFile; fileRef = B06AD19B299267270014BC4F /* PhotosViewModel.swift */; };
		B06AD19E29926B440014BC4F /* ProfileViewModel.swift in Sources */ = {isa = PBXBuildFile; fileRef = B06AD19D29926B440014BC4F /* ProfileViewModel.swift */; };
		B06AD1A0299369E30014BC4F /* AlbumTableViewCell.swift in Sources */ = {isa = PBXBuildFile; fileRef = B06AD19F299369E30014BC4F /* AlbumTableViewCell.swift */; };
		B06AD1A229936F7D0014BC4F /* AllPhotosTableViewCell.swift in Sources */ = {isa = PBXBuildFile; fileRef = B06AD1A129936F7D0014BC4F /* AllPhotosTableViewCell.swift */; };
		B06AD1A4299396430014BC4F /* AlbumsViewController.swift in Sources */ = {isa = PBXBuildFile; fileRef = B06AD1A3299396430014BC4F /* AlbumsViewController.swift */; };
		B06AD1B929955B450014BC4F /* Friend.swift in Sources */ = {isa = PBXBuildFile; fileRef = B06AD1B829955B450014BC4F /* Friend.swift */; };
		B06AD1BB29955D350014BC4F /* FriendViewModel.swift in Sources */ = {isa = PBXBuildFile; fileRef = B06AD1BA29955D350014BC4F /* FriendViewModel.swift */; };
		B06FE10329B0BDAD0027E178 /* AlbumPhotosViewController.swift in Sources */ = {isa = PBXBuildFile; fileRef = B06FE10229B0BDAD0027E178 /* AlbumPhotosViewController.swift */; };
		B070126E29AB72780077755E /* StoriesHomeView.swift in Sources */ = {isa = PBXBuildFile; fileRef = B070126D29AB72780077755E /* StoriesHomeView.swift */; };
		B070127029AB72D70077755E /* IGStoryListCell.swift in Sources */ = {isa = PBXBuildFile; fileRef = B070126F29AB72D70077755E /* IGStoryListCell.swift */; };
		B070127229AB73140077755E /* IGStory.swift in Sources */ = {isa = PBXBuildFile; fileRef = B070127129AB73140077755E /* IGStory.swift */; };
		B070127629AB732C0077755E /* IGSnap.swift in Sources */ = {isa = PBXBuildFile; fileRef = B070127329AB732C0077755E /* IGSnap.swift */; };
		B070127729AB732C0077755E /* IGUser.swift in Sources */ = {isa = PBXBuildFile; fileRef = B070127429AB732C0077755E /* IGUser.swift */; };
		B070127829AB732C0077755E /* IGStories.swift in Sources */ = {isa = PBXBuildFile; fileRef = B070127529AB732C0077755E /* IGStories.swift */; };
		B070127A29AB73650077755E /* IGAddStoryCell.swift in Sources */ = {isa = PBXBuildFile; fileRef = B070127929AB73640077755E /* IGAddStoryCell.swift */; };
		B070127E29AB74920077755E /* StoriesHomeViewModel.swift in Sources */ = {isa = PBXBuildFile; fileRef = B070127D29AB74920077755E /* StoriesHomeViewModel.swift */; };
		B070128029AB75A80077755E /* MockLoaderError.swift in Sources */ = {isa = PBXBuildFile; fileRef = B070127F29AB75A80077755E /* MockLoaderError.swift */; };
		B070128229AB76870077755E /* IGCache.swift in Sources */ = {isa = PBXBuildFile; fileRef = B070128129AB76870077755E /* IGCache.swift */; };
		B070128529AB770F0077755E /* IGStoryPreviewController.swift in Sources */ = {isa = PBXBuildFile; fileRef = B070128329AB770E0077755E /* IGStoryPreviewController.swift */; };
		B070128629AB770F0077755E /* IGStoryPreviewModel.swift in Sources */ = {isa = PBXBuildFile; fileRef = B070128429AB770E0077755E /* IGStoryPreviewModel.swift */; };
		B070128829AB77E50077755E /* IGVideoCacheManager.swift in Sources */ = {isa = PBXBuildFile; fileRef = B070128729AB77E50077755E /* IGVideoCacheManager.swift */; };
		B070128A29AB78EF0077755E /* IGRoundedView.swift in Sources */ = {isa = PBXBuildFile; fileRef = B070128929AB78EF0077755E /* IGRoundedView.swift */; };
		B070128C29AB78F60077755E /* IGImageRequestable.swift in Sources */ = {isa = PBXBuildFile; fileRef = B070128B29AB78F60077755E /* IGImageRequestable.swift */; };
		B070128E29AB7BFC0077755E /* ImageView + Additions.swift in Sources */ = {isa = PBXBuildFile; fileRef = B070128D29AB7BFC0077755E /* ImageView + Additions.swift */; };
		B070129029AB7C310077755E /* IGResult.swift in Sources */ = {isa = PBXBuildFile; fileRef = B070128F29AB7C300077755E /* IGResult.swift */; };
		B070129229AB7CB90077755E /* stories.json in Resources */ = {isa = PBXBuildFile; fileRef = B070129129AB7CB90077755E /* stories.json */; };
		B070129429AB7CCF0077755E /* IGAppUtility.swift in Sources */ = {isa = PBXBuildFile; fileRef = B070129329AB7CCF0077755E /* IGAppUtility.swift */; };
		B070129629AB80830077755E /* IGURLSession.swift in Sources */ = {isa = PBXBuildFile; fileRef = B070129529AB80830077755E /* IGURLSession.swift */; };
		B070129829AB80A40077755E /* IGStoryPreviewView.swift in Sources */ = {isa = PBXBuildFile; fileRef = B070129729AB80A40077755E /* IGStoryPreviewView.swift */; };
		B070129D29AB835D0077755E /* Social_Network_Project.xcdatamodeld in Sources */ = {isa = PBXBuildFile; fileRef = B0FD0C7F298CDC91000AF6D4 /* Social_Network_Project.xcdatamodeld */; };
		B07012A029AB83D30077755E /* IGStoryPreviewCell.swift in Sources */ = {isa = PBXBuildFile; fileRef = B070129F29AB83D30077755E /* IGStoryPreviewCell.swift */; };
		B07012A229AB83F30077755E /* IGStoryPreviewHeaderView.swift in Sources */ = {isa = PBXBuildFile; fileRef = B07012A129AB83F30077755E /* IGStoryPreviewHeaderView.swift */; };
		B07012A429AB84340077755E /* IGRetryButton.swift in Sources */ = {isa = PBXBuildFile; fileRef = B07012A329AB84340077755E /* IGRetryButton.swift */; };
		B07012A629AB84690077755E /* IGPlayerView.swift in Sources */ = {isa = PBXBuildFile; fileRef = B07012A529AB84680077755E /* IGPlayerView.swift */; };
		B07012A829AB84890077755E /* IGSnapProgressView.swift in Sources */ = {isa = PBXBuildFile; fileRef = B07012A729AB84890077755E /* IGSnapProgressView.swift */; };
		B07012AA29AB851A0077755E /* LayoutAttributesAnimator.swift in Sources */ = {isa = PBXBuildFile; fileRef = B07012A929AB851A0077755E /* LayoutAttributesAnimator.swift */; };
		B07012AC29AB855C0077755E /* AnimatedCollectionViewLayout.swift in Sources */ = {isa = PBXBuildFile; fileRef = B07012AB29AB855C0077755E /* AnimatedCollectionViewLayout.swift */; };
		B07012AE29AB857E0077755E /* CubeAttributesAnimator.swift in Sources */ = {isa = PBXBuildFile; fileRef = B07012AD29AB857E0077755E /* CubeAttributesAnimator.swift */; };
		B07012B029AB85E10077755E /* UIView+Anchor.swift in Sources */ = {isa = PBXBuildFile; fileRef = B07012AF29AB85E10077755E /* UIView+Anchor.swift */; };
		B07012B229AB87280077755E /* IGError.swift in Sources */ = {isa = PBXBuildFile; fileRef = B07012B129AB87280077755E /* IGError.swift */; };
		B07012B429AB91920077755E /* Reachability.swift in Sources */ = {isa = PBXBuildFile; fileRef = B07012B329AB91920077755E /* Reachability.swift */; };
		B096C07329A76D9B002E9ADE /* CoreDataManager.swift in Sources */ = {isa = PBXBuildFile; fileRef = B096C07129A76D9B002E9ADE /* CoreDataManager.swift */; };
		B096C07529A7ADCB002E9ADE /* FriendPhotosTableViewCell.swift in Sources */ = {isa = PBXBuildFile; fileRef = B096C07429A7ADCB002E9ADE /* FriendPhotosTableViewCell.swift */; };
		B0E0506229A33F36008BBC02 /* FriendViewController.swift in Sources */ = {isa = PBXBuildFile; fileRef = B0E0506129A33F36008BBC02 /* FriendViewController.swift */; };
		B0E0506429A34090008BBC02 /* FriendHeaderView.swift in Sources */ = {isa = PBXBuildFile; fileRef = B0E0506329A34090008BBC02 /* FriendHeaderView.swift */; };
		B0E0506929A3E233008BBC02 /* LikedPostsTableViewCell.swift in Sources */ = {isa = PBXBuildFile; fileRef = B0E0506829A3E233008BBC02 /* LikedPostsTableViewCell.swift */; };
		B0E40452299CB4E6005F7314 /* EditViewController.swift in Sources */ = {isa = PBXBuildFile; fileRef = B0E40451299CB4E6005F7314 /* EditViewController.swift */; };
		B0F26B2429AC9F570052B62E /* PostViewController.swift in Sources */ = {isa = PBXBuildFile; fileRef = B0F26B2329AC9F560052B62E /* PostViewController.swift */; };
		B0FD0C77298CDC91000AF6D4 /* AppDelegate.swift in Sources */ = {isa = PBXBuildFile; fileRef = B0FD0C76298CDC91000AF6D4 /* AppDelegate.swift */; };
		B0FD0C7E298CDC91000AF6D4 /* Main.storyboard in Resources */ = {isa = PBXBuildFile; fileRef = B0FD0C7C298CDC91000AF6D4 /* Main.storyboard */; };
		B0FD0C83298CDC94000AF6D4 /* Assets.xcassets in Resources */ = {isa = PBXBuildFile; fileRef = B0FD0C82298CDC94000AF6D4 /* Assets.xcassets */; };
		B0FD0C86298CDC94000AF6D4 /* LaunchScreen.storyboard in Resources */ = {isa = PBXBuildFile; fileRef = B0FD0C84298CDC94000AF6D4 /* LaunchScreen.storyboard */; };
		B0FD0C91298CDC94000AF6D4 /* Social_Network_ProjectTests.swift in Sources */ = {isa = PBXBuildFile; fileRef = B0FD0C90298CDC94000AF6D4 /* Social_Network_ProjectTests.swift */; };
		B0FD0C9B298CDC94000AF6D4 /* Social_Network_ProjectUITests.swift in Sources */ = {isa = PBXBuildFile; fileRef = B0FD0C9A298CDC94000AF6D4 /* Social_Network_ProjectUITests.swift */; };
		B0FD0C9D298CDC94000AF6D4 /* Social_Network_ProjectUITestsLaunchTests.swift in Sources */ = {isa = PBXBuildFile; fileRef = B0FD0C9C298CDC94000AF6D4 /* Social_Network_ProjectUITestsLaunchTests.swift */; };
		B0FD0CAA298D1623000AF6D4 /* ProfileViewController.swift in Sources */ = {isa = PBXBuildFile; fileRef = B0FD0CA9298D1623000AF6D4 /* ProfileViewController.swift */; };
		B0FD0CAD298D200C000AF6D4 /* MainViewController.swift in Sources */ = {isa = PBXBuildFile; fileRef = B0FD0CAC298D200C000AF6D4 /* MainViewController.swift */; };
		B0FD0CAF298D20B9000AF6D4 /* LikedPostsViewController.swift in Sources */ = {isa = PBXBuildFile; fileRef = B0FD0CAE298D20B9000AF6D4 /* LikedPostsViewController.swift */; };
		B0FD0CB2298D2C52000AF6D4 /* ProfileHeaderView.swift in Sources */ = {isa = PBXBuildFile; fileRef = B0FD0CB1298D2C52000AF6D4 /* ProfileHeaderView.swift */; };
		B0FD0CB5298D2C93000AF6D4 /* PostsTableViewCell.swift in Sources */ = {isa = PBXBuildFile; fileRef = B0FD0CB4298D2C93000AF6D4 /* PostsTableViewCell.swift */; };
		B0FD0CB8298E2A57000AF6D4 /* Post.swift in Sources */ = {isa = PBXBuildFile; fileRef = B0FD0CB7298E2A57000AF6D4 /* Post.swift */; };
		B0FD0CBB298FA23E000AF6D4 /* Extensions.swift in Sources */ = {isa = PBXBuildFile; fileRef = B0FD0CBA298FA23E000AF6D4 /* Extensions.swift */; };
		B0FD0CBD298FFF15000AF6D4 /* Profile.swift in Sources */ = {isa = PBXBuildFile; fileRef = B0FD0CBC298FFF15000AF6D4 /* Profile.swift */; };
		B0FD1BC9299916D900380BF1 /* ProfileSideTableViewCell.swift in Sources */ = {isa = PBXBuildFile; fileRef = B0FD1BC8299916D900380BF1 /* ProfileSideTableViewCell.swift */; };
		B0FD1BCB299A07BD00380BF1 /* EditMenuViewController.swift in Sources */ = {isa = PBXBuildFile; fileRef = B0FD1BCA299A07BD00380BF1 /* EditMenuViewController.swift */; };
		B793B00B063E1DE7AA9EAA4F /* Pods_Social_Network_Project_Social_Network_ProjectUITests.framework in Frameworks */ = {isa = PBXBuildFile; fileRef = 45047299AE91BF83B2CB632E /* Pods_Social_Network_Project_Social_Network_ProjectUITests.framework */; };
		F808409FFB72462B31DF18F3 /* Pods_Social_Network_ProjectTests.framework in Frameworks */ = {isa = PBXBuildFile; fileRef = 0ACD0E9DA9550FCFF04EFF93 /* Pods_Social_Network_ProjectTests.framework */; };
/* End PBXBuildFile section */

/* Begin PBXContainerItemProxy section */
		B0FD0C8D298CDC94000AF6D4 /* PBXContainerItemProxy */ = {
			isa = PBXContainerItemProxy;
			containerPortal = B0FD0C6B298CDC91000AF6D4 /* Project object */;
			proxyType = 1;
			remoteGlobalIDString = B0FD0C72298CDC91000AF6D4;
			remoteInfo = Social_Network_Project;
		};
		B0FD0C97298CDC94000AF6D4 /* PBXContainerItemProxy */ = {
			isa = PBXContainerItemProxy;
			containerPortal = B0FD0C6B298CDC91000AF6D4 /* Project object */;
			proxyType = 1;
			remoteGlobalIDString = B0FD0C72298CDC91000AF6D4;
			remoteInfo = Social_Network_Project;
		};
/* End PBXContainerItemProxy section */

/* Begin PBXFileReference section */
		0ACD0E9DA9550FCFF04EFF93 /* Pods_Social_Network_ProjectTests.framework */ = {isa = PBXFileReference; explicitFileType = wrapper.framework; includeInIndex = 0; path = Pods_Social_Network_ProjectTests.framework; sourceTree = BUILT_PRODUCTS_DIR; };
		4043CC62F4591AB4B78F6990 /* Pods-Social_Network_ProjectTests.debug.xcconfig */ = {isa = PBXFileReference; includeInIndex = 1; lastKnownFileType = text.xcconfig; name = "Pods-Social_Network_ProjectTests.debug.xcconfig"; path = "Target Support Files/Pods-Social_Network_ProjectTests/Pods-Social_Network_ProjectTests.debug.xcconfig"; sourceTree = "<group>"; };
		45047299AE91BF83B2CB632E /* Pods_Social_Network_Project_Social_Network_ProjectUITests.framework */ = {isa = PBXFileReference; explicitFileType = wrapper.framework; includeInIndex = 0; path = Pods_Social_Network_Project_Social_Network_ProjectUITests.framework; sourceTree = BUILT_PRODUCTS_DIR; };
		58671F7C899FD5AFAD4078A2 /* Pods_Social_Network_Project.framework */ = {isa = PBXFileReference; explicitFileType = wrapper.framework; includeInIndex = 0; path = Pods_Social_Network_Project.framework; sourceTree = BUILT_PRODUCTS_DIR; };
		5F7A534004EE28AAA6CF9361 /* Pods-Social_Network_Project-Social_Network_ProjectUITests.release.xcconfig */ = {isa = PBXFileReference; includeInIndex = 1; lastKnownFileType = text.xcconfig; name = "Pods-Social_Network_Project-Social_Network_ProjectUITests.release.xcconfig"; path = "Target Support Files/Pods-Social_Network_Project-Social_Network_ProjectUITests/Pods-Social_Network_Project-Social_Network_ProjectUITests.release.xcconfig"; sourceTree = "<group>"; };
		791431505EE6F0E6E2C4D633 /* Pods-Social_Network_Project-Social_Network_ProjectUITests.debug.xcconfig */ = {isa = PBXFileReference; includeInIndex = 1; lastKnownFileType = text.xcconfig; name = "Pods-Social_Network_Project-Social_Network_ProjectUITests.debug.xcconfig"; path = "Target Support Files/Pods-Social_Network_Project-Social_Network_ProjectUITests/Pods-Social_Network_Project-Social_Network_ProjectUITests.debug.xcconfig"; sourceTree = "<group>"; };
		B005ECBF29AE62FF00D70E5E /* Feed.swift */ = {isa = PBXFileReference; lastKnownFileType = sourcecode.swift; path = Feed.swift; sourceTree = "<group>"; };
		B005ECC129AE63F600D70E5E /* PersonalViewModel.swift */ = {isa = PBXFileReference; lastKnownFileType = sourcecode.swift; path = PersonalViewModel.swift; sourceTree = "<group>"; };
		B005ECC329AE890800D70E5E /* ContactsViewController.swift */ = {isa = PBXFileReference; lastKnownFileType = sourcecode.swift; path = ContactsViewController.swift; sourceTree = "<group>"; };
		B005ECC529AEFFCD00D70E5E /* ContactsTableViewCell.swift */ = {isa = PBXFileReference; lastKnownFileType = sourcecode.swift; path = ContactsTableViewCell.swift; sourceTree = "<group>"; };
		B005ECC729AF072700D70E5E /* InterestsViewController.swift */ = {isa = PBXFileReference; lastKnownFileType = sourcecode.swift; path = InterestsViewController.swift; sourceTree = "<group>"; };
		B005ECC929AF1A8A00D70E5E /* EducationViewController.swift */ = {isa = PBXFileReference; lastKnownFileType = sourcecode.swift; path = EducationViewController.swift; sourceTree = "<group>"; };
		B005ECCB29AF275200D70E5E /* CareerViewController.swift */ = {isa = PBXFileReference; lastKnownFileType = sourcecode.swift; path = CareerViewController.swift; sourceTree = "<group>"; };
		B005ECD429AF8BE500D70E5E /* CommentsTableViewCell.swift */ = {isa = PBXFileReference; lastKnownFileType = sourcecode.swift; path = CommentsTableViewCell.swift; sourceTree = "<group>"; };
		B00A1282299DECAB0004A2B9 /* EntranceViewController.swift */ = {isa = PBXFileReference; lastKnownFileType = sourcecode.swift; path = EntranceViewController.swift; sourceTree = "<group>"; };
		B00A1284299DFC6A0004A2B9 /* RegistrationViewController.swift */ = {isa = PBXFileReference; lastKnownFileType = sourcecode.swift; path = RegistrationViewController.swift; sourceTree = "<group>"; };
		B00A1286299E2F1C0004A2B9 /* RegisterConfirmationViewController.swift */ = {isa = PBXFileReference; lastKnownFileType = sourcecode.swift; path = RegisterConfirmationViewController.swift; sourceTree = "<group>"; };
		B00A1288299E3B1A0004A2B9 /* GoogleService-Info.plist */ = {isa = PBXFileReference; fileEncoding = 4; lastKnownFileType = text.plist.xml; path = "GoogleService-Info.plist"; sourceTree = "<group>"; };
		B00A128B299E3BB60004A2B9 /* AuthManager.swift */ = {isa = PBXFileReference; lastKnownFileType = sourcecode.swift; path = AuthManager.swift; sourceTree = "<group>"; };
		B01937EB2997A609007AEB93 /* ProfileSideMenuViewController.swift */ = {isa = PBXFileReference; lastKnownFileType = sourcecode.swift; path = ProfileSideMenuViewController.swift; sourceTree = "<group>"; };
		B02C7ACA29A8CC0800819780 /* FriendPhotosViewController.swift */ = {isa = PBXFileReference; lastKnownFileType = sourcecode.swift; path = FriendPhotosViewController.swift; sourceTree = "<group>"; };
		B02F1A5D29AE019D004F3690 /* Localization.swift */ = {isa = PBXFileReference; fileEncoding = 4; lastKnownFileType = sourcecode.swift; path = Localization.swift; sourceTree = "<group>"; };
		B02F1A6329AE0224004F3690 /* PostData.xcdatamodel */ = {isa = PBXFileReference; lastKnownFileType = wrapper.xcdatamodel; path = PostData.xcdatamodel; sourceTree = "<group>"; };
		B02F1A6529AE0350004F3690 /* en */ = {isa = PBXFileReference; lastKnownFileType = text.plist.strings; name = en; path = en.lproj/Localizable.strings; sourceTree = "<group>"; };
		B02F1A6729AE03AB004F3690 /* ru */ = {isa = PBXFileReference; lastKnownFileType = text.plist.strings; name = ru; path = ru.lproj/Main.strings; sourceTree = "<group>"; };
		B02F1A6829AE03AC004F3690 /* ru */ = {isa = PBXFileReference; lastKnownFileType = text.plist.strings; name = ru; path = ru.lproj/LaunchScreen.strings; sourceTree = "<group>"; };
		B02F1A6929AE03AC004F3690 /* ru */ = {isa = PBXFileReference; lastKnownFileType = text.plist.strings; name = ru; path = ru.lproj/Localizable.strings; sourceTree = "<group>"; };
		B02F1A6A29AE03DF004F3690 /* kk-KZ */ = {isa = PBXFileReference; lastKnownFileType = text.plist.strings; name = "kk-KZ"; path = "kk-KZ.lproj/Main.strings"; sourceTree = "<group>"; };
		B02F1A6B29AE03DF004F3690 /* kk-KZ */ = {isa = PBXFileReference; lastKnownFileType = text.plist.strings; name = "kk-KZ"; path = "kk-KZ.lproj/LaunchScreen.strings"; sourceTree = "<group>"; };
		B02F1A6C29AE03DF004F3690 /* kk-KZ */ = {isa = PBXFileReference; lastKnownFileType = text.plist.strings; name = "kk-KZ"; path = "kk-KZ.lproj/Localizable.strings"; sourceTree = "<group>"; };
		B03074C829A4EC0C00B23333 /* InformationViewController.swift */ = {isa = PBXFileReference; lastKnownFileType = sourcecode.swift; path = InformationViewController.swift; sourceTree = "<group>"; };
		B04AC2FC299F36C800B48657 /* SignInViewController.swift */ = {isa = PBXFileReference; lastKnownFileType = sourcecode.swift; path = SignInViewController.swift; sourceTree = "<group>"; };
		B04AC30129A141F900B48657 /* Stories.swift */ = {isa = PBXFileReference; lastKnownFileType = sourcecode.swift; path = Stories.swift; sourceTree = "<group>"; };
		B06AD16C29913DFC0014BC4F /* FeedViewController.swift */ = {isa = PBXFileReference; lastKnownFileType = sourcecode.swift; path = FeedViewController.swift; sourceTree = "<group>"; };
		B06AD16E29913ED80014BC4F /* PersonalViewController.swift */ = {isa = PBXFileReference; lastKnownFileType = sourcecode.swift; path = PersonalViewController.swift; sourceTree = "<group>"; };
		B06AD17129916B1C0014BC4F /* PhotosTableViewCell.swift */ = {isa = PBXFileReference; fileEncoding = 4; lastKnownFileType = sourcecode.swift; path = PhotosTableViewCell.swift; sourceTree = "<group>"; };
		B06AD17229916B1D0014BC4F /* PhotosCollectionViewCell.swift */ = {isa = PBXFileReference; fileEncoding = 4; lastKnownFileType = sourcecode.swift; path = PhotosCollectionViewCell.swift; sourceTree = "<group>"; };
		B06AD17529916C720014BC4F /* Photo.swift */ = {isa = PBXFileReference; lastKnownFileType = sourcecode.swift; path = Photo.swift; sourceTree = "<group>"; };
		B06AD17729921CDF0014BC4F /* PhotosViewController.swift */ = {isa = PBXFileReference; fileEncoding = 4; lastKnownFileType = sourcecode.swift; path = PhotosViewController.swift; sourceTree = "<group>"; };
		B06AD196299261910014BC4F /* AlbumsCollectionViewCell.swift */ = {isa = PBXFileReference; lastKnownFileType = sourcecode.swift; path = AlbumsCollectionViewCell.swift; sourceTree = "<group>"; };
		B06AD198299263C90014BC4F /* Album.swift */ = {isa = PBXFileReference; lastKnownFileType = sourcecode.swift; path = Album.swift; sourceTree = "<group>"; };
		B06AD19B299267270014BC4F /* PhotosViewModel.swift */ = {isa = PBXFileReference; lastKnownFileType = sourcecode.swift; path = PhotosViewModel.swift; sourceTree = "<group>"; };
		B06AD19D29926B440014BC4F /* ProfileViewModel.swift */ = {isa = PBXFileReference; lastKnownFileType = sourcecode.swift; path = ProfileViewModel.swift; sourceTree = "<group>"; };
		B06AD19F299369E30014BC4F /* AlbumTableViewCell.swift */ = {isa = PBXFileReference; lastKnownFileType = sourcecode.swift; path = AlbumTableViewCell.swift; sourceTree = "<group>"; };
		B06AD1A129936F7D0014BC4F /* AllPhotosTableViewCell.swift */ = {isa = PBXFileReference; lastKnownFileType = sourcecode.swift; path = AllPhotosTableViewCell.swift; sourceTree = "<group>"; };
		B06AD1A3299396430014BC4F /* AlbumsViewController.swift */ = {isa = PBXFileReference; lastKnownFileType = sourcecode.swift; path = AlbumsViewController.swift; sourceTree = "<group>"; };
		B06AD1B829955B450014BC4F /* Friend.swift */ = {isa = PBXFileReference; lastKnownFileType = sourcecode.swift; path = Friend.swift; sourceTree = "<group>"; };
		B06AD1BA29955D350014BC4F /* FriendViewModel.swift */ = {isa = PBXFileReference; lastKnownFileType = sourcecode.swift; path = FriendViewModel.swift; sourceTree = "<group>"; };
		B06FE10229B0BDAD0027E178 /* AlbumPhotosViewController.swift */ = {isa = PBXFileReference; lastKnownFileType = sourcecode.swift; path = AlbumPhotosViewController.swift; sourceTree = "<group>"; };
		B070126D29AB72780077755E /* StoriesHomeView.swift */ = {isa = PBXFileReference; lastKnownFileType = sourcecode.swift; path = StoriesHomeView.swift; sourceTree = "<group>"; };
		B070126F29AB72D70077755E /* IGStoryListCell.swift */ = {isa = PBXFileReference; lastKnownFileType = sourcecode.swift; path = IGStoryListCell.swift; sourceTree = "<group>"; };
		B070127129AB73140077755E /* IGStory.swift */ = {isa = PBXFileReference; lastKnownFileType = sourcecode.swift; path = IGStory.swift; sourceTree = "<group>"; };
		B070127329AB732C0077755E /* IGSnap.swift */ = {isa = PBXFileReference; fileEncoding = 4; lastKnownFileType = sourcecode.swift; path = IGSnap.swift; sourceTree = "<group>"; };
		B070127429AB732C0077755E /* IGUser.swift */ = {isa = PBXFileReference; fileEncoding = 4; lastKnownFileType = sourcecode.swift; path = IGUser.swift; sourceTree = "<group>"; };
		B070127529AB732C0077755E /* IGStories.swift */ = {isa = PBXFileReference; fileEncoding = 4; lastKnownFileType = sourcecode.swift; path = IGStories.swift; sourceTree = "<group>"; };
		B070127929AB73640077755E /* IGAddStoryCell.swift */ = {isa = PBXFileReference; fileEncoding = 4; lastKnownFileType = sourcecode.swift; path = IGAddStoryCell.swift; sourceTree = "<group>"; };
		B070127D29AB74920077755E /* StoriesHomeViewModel.swift */ = {isa = PBXFileReference; lastKnownFileType = sourcecode.swift; path = StoriesHomeViewModel.swift; sourceTree = "<group>"; };
		B070127F29AB75A80077755E /* MockLoaderError.swift */ = {isa = PBXFileReference; lastKnownFileType = sourcecode.swift; path = MockLoaderError.swift; sourceTree = "<group>"; };
		B070128129AB76870077755E /* IGCache.swift */ = {isa = PBXFileReference; lastKnownFileType = sourcecode.swift; path = IGCache.swift; sourceTree = "<group>"; };
		B070128329AB770E0077755E /* IGStoryPreviewController.swift */ = {isa = PBXFileReference; fileEncoding = 4; lastKnownFileType = sourcecode.swift; path = IGStoryPreviewController.swift; sourceTree = "<group>"; };
		B070128429AB770E0077755E /* IGStoryPreviewModel.swift */ = {isa = PBXFileReference; fileEncoding = 4; lastKnownFileType = sourcecode.swift; path = IGStoryPreviewModel.swift; sourceTree = "<group>"; };
		B070128729AB77E50077755E /* IGVideoCacheManager.swift */ = {isa = PBXFileReference; fileEncoding = 4; lastKnownFileType = sourcecode.swift; path = IGVideoCacheManager.swift; sourceTree = "<group>"; };
		B070128929AB78EF0077755E /* IGRoundedView.swift */ = {isa = PBXFileReference; fileEncoding = 4; lastKnownFileType = sourcecode.swift; path = IGRoundedView.swift; sourceTree = "<group>"; };
		B070128B29AB78F60077755E /* IGImageRequestable.swift */ = {isa = PBXFileReference; fileEncoding = 4; lastKnownFileType = sourcecode.swift; path = IGImageRequestable.swift; sourceTree = "<group>"; };
		B070128D29AB7BFC0077755E /* ImageView + Additions.swift */ = {isa = PBXFileReference; lastKnownFileType = sourcecode.swift; path = "ImageView + Additions.swift"; sourceTree = "<group>"; };
		B070128F29AB7C300077755E /* IGResult.swift */ = {isa = PBXFileReference; fileEncoding = 4; lastKnownFileType = sourcecode.swift; path = IGResult.swift; sourceTree = "<group>"; };
		B070129129AB7CB90077755E /* stories.json */ = {isa = PBXFileReference; fileEncoding = 4; lastKnownFileType = text.json; path = stories.json; sourceTree = "<group>"; };
		B070129329AB7CCF0077755E /* IGAppUtility.swift */ = {isa = PBXFileReference; fileEncoding = 4; lastKnownFileType = sourcecode.swift; path = IGAppUtility.swift; sourceTree = "<group>"; };
		B070129529AB80830077755E /* IGURLSession.swift */ = {isa = PBXFileReference; fileEncoding = 4; lastKnownFileType = sourcecode.swift; path = IGURLSession.swift; sourceTree = "<group>"; };
		B070129729AB80A40077755E /* IGStoryPreviewView.swift */ = {isa = PBXFileReference; fileEncoding = 4; lastKnownFileType = sourcecode.swift; path = IGStoryPreviewView.swift; sourceTree = "<group>"; };
		B070129F29AB83D30077755E /* IGStoryPreviewCell.swift */ = {isa = PBXFileReference; fileEncoding = 4; lastKnownFileType = sourcecode.swift; path = IGStoryPreviewCell.swift; sourceTree = "<group>"; };
		B07012A129AB83F30077755E /* IGStoryPreviewHeaderView.swift */ = {isa = PBXFileReference; fileEncoding = 4; lastKnownFileType = sourcecode.swift; path = IGStoryPreviewHeaderView.swift; sourceTree = "<group>"; };
		B07012A329AB84340077755E /* IGRetryButton.swift */ = {isa = PBXFileReference; fileEncoding = 4; lastKnownFileType = sourcecode.swift; path = IGRetryButton.swift; sourceTree = "<group>"; };
		B07012A529AB84680077755E /* IGPlayerView.swift */ = {isa = PBXFileReference; fileEncoding = 4; lastKnownFileType = sourcecode.swift; path = IGPlayerView.swift; sourceTree = "<group>"; };
		B07012A729AB84890077755E /* IGSnapProgressView.swift */ = {isa = PBXFileReference; fileEncoding = 4; lastKnownFileType = sourcecode.swift; path = IGSnapProgressView.swift; sourceTree = "<group>"; };
		B07012A929AB851A0077755E /* LayoutAttributesAnimator.swift */ = {isa = PBXFileReference; fileEncoding = 4; lastKnownFileType = sourcecode.swift; path = LayoutAttributesAnimator.swift; sourceTree = "<group>"; };
		B07012AB29AB855C0077755E /* AnimatedCollectionViewLayout.swift */ = {isa = PBXFileReference; fileEncoding = 4; lastKnownFileType = sourcecode.swift; path = AnimatedCollectionViewLayout.swift; sourceTree = "<group>"; };
		B07012AD29AB857E0077755E /* CubeAttributesAnimator.swift */ = {isa = PBXFileReference; fileEncoding = 4; lastKnownFileType = sourcecode.swift; path = CubeAttributesAnimator.swift; sourceTree = "<group>"; };
		B07012AF29AB85E10077755E /* UIView+Anchor.swift */ = {isa = PBXFileReference; lastKnownFileType = sourcecode.swift; path = "UIView+Anchor.swift"; sourceTree = "<group>"; };
		B07012B129AB87280077755E /* IGError.swift */ = {isa = PBXFileReference; fileEncoding = 4; lastKnownFileType = sourcecode.swift; path = IGError.swift; sourceTree = "<group>"; };
		B07012B329AB91920077755E /* Reachability.swift */ = {isa = PBXFileReference; fileEncoding = 4; lastKnownFileType = sourcecode.swift; path = Reachability.swift; sourceTree = "<group>"; };
		B096C07129A76D9B002E9ADE /* CoreDataManager.swift */ = {isa = PBXFileReference; fileEncoding = 4; lastKnownFileType = sourcecode.swift; path = CoreDataManager.swift; sourceTree = "<group>"; };
		B096C07429A7ADCB002E9ADE /* FriendPhotosTableViewCell.swift */ = {isa = PBXFileReference; lastKnownFileType = sourcecode.swift; path = FriendPhotosTableViewCell.swift; sourceTree = "<group>"; };
		B0E0506129A33F36008BBC02 /* FriendViewController.swift */ = {isa = PBXFileReference; lastKnownFileType = sourcecode.swift; path = FriendViewController.swift; sourceTree = "<group>"; };
		B0E0506329A34090008BBC02 /* FriendHeaderView.swift */ = {isa = PBXFileReference; lastKnownFileType = sourcecode.swift; path = FriendHeaderView.swift; sourceTree = "<group>"; };
		B0E0506829A3E233008BBC02 /* LikedPostsTableViewCell.swift */ = {isa = PBXFileReference; fileEncoding = 4; lastKnownFileType = sourcecode.swift; path = LikedPostsTableViewCell.swift; sourceTree = "<group>"; };
		B0E40451299CB4E6005F7314 /* EditViewController.swift */ = {isa = PBXFileReference; lastKnownFileType = sourcecode.swift; path = EditViewController.swift; sourceTree = "<group>"; };
		B0F26B2329AC9F560052B62E /* PostViewController.swift */ = {isa = PBXFileReference; lastKnownFileType = sourcecode.swift; path = PostViewController.swift; sourceTree = "<group>"; };
		B0FD0C73298CDC91000AF6D4 /* Social_Network_Project.app */ = {isa = PBXFileReference; explicitFileType = wrapper.application; includeInIndex = 0; path = Social_Network_Project.app; sourceTree = BUILT_PRODUCTS_DIR; };
		B0FD0C76298CDC91000AF6D4 /* AppDelegate.swift */ = {isa = PBXFileReference; lastKnownFileType = sourcecode.swift; path = AppDelegate.swift; sourceTree = "<group>"; };
		B0FD0C7D298CDC91000AF6D4 /* Base */ = {isa = PBXFileReference; lastKnownFileType = file.storyboard; name = Base; path = Base.lproj/Main.storyboard; sourceTree = "<group>"; };
		B0FD0C80298CDC91000AF6D4 /* Social_Network_Project.xcdatamodel */ = {isa = PBXFileReference; lastKnownFileType = wrapper.xcdatamodel; path = Social_Network_Project.xcdatamodel; sourceTree = "<group>"; };
		B0FD0C82298CDC94000AF6D4 /* Assets.xcassets */ = {isa = PBXFileReference; lastKnownFileType = folder.assetcatalog; path = Assets.xcassets; sourceTree = "<group>"; };
		B0FD0C85298CDC94000AF6D4 /* Base */ = {isa = PBXFileReference; lastKnownFileType = file.storyboard; name = Base; path = Base.lproj/LaunchScreen.storyboard; sourceTree = "<group>"; };
		B0FD0C87298CDC94000AF6D4 /* Info.plist */ = {isa = PBXFileReference; lastKnownFileType = text.plist.xml; path = Info.plist; sourceTree = "<group>"; };
		B0FD0C8C298CDC94000AF6D4 /* Social_Network_ProjectTests.xctest */ = {isa = PBXFileReference; explicitFileType = wrapper.cfbundle; includeInIndex = 0; path = Social_Network_ProjectTests.xctest; sourceTree = BUILT_PRODUCTS_DIR; };
		B0FD0C90298CDC94000AF6D4 /* Social_Network_ProjectTests.swift */ = {isa = PBXFileReference; lastKnownFileType = sourcecode.swift; path = Social_Network_ProjectTests.swift; sourceTree = "<group>"; };
		B0FD0C96298CDC94000AF6D4 /* Social_Network_ProjectUITests.xctest */ = {isa = PBXFileReference; explicitFileType = wrapper.cfbundle; includeInIndex = 0; path = Social_Network_ProjectUITests.xctest; sourceTree = BUILT_PRODUCTS_DIR; };
		B0FD0C9A298CDC94000AF6D4 /* Social_Network_ProjectUITests.swift */ = {isa = PBXFileReference; lastKnownFileType = sourcecode.swift; path = Social_Network_ProjectUITests.swift; sourceTree = "<group>"; };
		B0FD0C9C298CDC94000AF6D4 /* Social_Network_ProjectUITestsLaunchTests.swift */ = {isa = PBXFileReference; lastKnownFileType = sourcecode.swift; path = Social_Network_ProjectUITestsLaunchTests.swift; sourceTree = "<group>"; };
		B0FD0CA9298D1623000AF6D4 /* ProfileViewController.swift */ = {isa = PBXFileReference; lastKnownFileType = sourcecode.swift; path = ProfileViewController.swift; sourceTree = "<group>"; };
		B0FD0CAC298D200C000AF6D4 /* MainViewController.swift */ = {isa = PBXFileReference; lastKnownFileType = sourcecode.swift; path = MainViewController.swift; sourceTree = "<group>"; };
		B0FD0CAE298D20B9000AF6D4 /* LikedPostsViewController.swift */ = {isa = PBXFileReference; lastKnownFileType = sourcecode.swift; path = LikedPostsViewController.swift; sourceTree = "<group>"; };
		B0FD0CB1298D2C52000AF6D4 /* ProfileHeaderView.swift */ = {isa = PBXFileReference; fileEncoding = 4; lastKnownFileType = sourcecode.swift; path = ProfileHeaderView.swift; sourceTree = "<group>"; };
		B0FD0CB4298D2C93000AF6D4 /* PostsTableViewCell.swift */ = {isa = PBXFileReference; fileEncoding = 4; lastKnownFileType = sourcecode.swift; path = PostsTableViewCell.swift; sourceTree = "<group>"; };
		B0FD0CB7298E2A57000AF6D4 /* Post.swift */ = {isa = PBXFileReference; lastKnownFileType = sourcecode.swift; path = Post.swift; sourceTree = "<group>"; };
		B0FD0CBA298FA23E000AF6D4 /* Extensions.swift */ = {isa = PBXFileReference; lastKnownFileType = sourcecode.swift; path = Extensions.swift; sourceTree = "<group>"; };
		B0FD0CBC298FFF15000AF6D4 /* Profile.swift */ = {isa = PBXFileReference; lastKnownFileType = sourcecode.swift; path = Profile.swift; sourceTree = "<group>"; };
		B0FD1BC8299916D900380BF1 /* ProfileSideTableViewCell.swift */ = {isa = PBXFileReference; lastKnownFileType = sourcecode.swift; path = ProfileSideTableViewCell.swift; sourceTree = "<group>"; };
		B0FD1BCA299A07BD00380BF1 /* EditMenuViewController.swift */ = {isa = PBXFileReference; lastKnownFileType = sourcecode.swift; path = EditMenuViewController.swift; sourceTree = "<group>"; };
		B401B7A8E8D06B1860C69095 /* Pods-Social_Network_ProjectTests.release.xcconfig */ = {isa = PBXFileReference; includeInIndex = 1; lastKnownFileType = text.xcconfig; name = "Pods-Social_Network_ProjectTests.release.xcconfig"; path = "Target Support Files/Pods-Social_Network_ProjectTests/Pods-Social_Network_ProjectTests.release.xcconfig"; sourceTree = "<group>"; };
		BEEA082718910A3FEF49C37A /* Pods-Social_Network_Project.debug.xcconfig */ = {isa = PBXFileReference; includeInIndex = 1; lastKnownFileType = text.xcconfig; name = "Pods-Social_Network_Project.debug.xcconfig"; path = "Target Support Files/Pods-Social_Network_Project/Pods-Social_Network_Project.debug.xcconfig"; sourceTree = "<group>"; };
		F3D59929D085AD4A43B4893C /* Pods-Social_Network_Project.release.xcconfig */ = {isa = PBXFileReference; includeInIndex = 1; lastKnownFileType = text.xcconfig; name = "Pods-Social_Network_Project.release.xcconfig"; path = "Target Support Files/Pods-Social_Network_Project/Pods-Social_Network_Project.release.xcconfig"; sourceTree = "<group>"; };
/* End PBXFileReference section */

/* Begin PBXFrameworksBuildPhase section */
		B0FD0C70298CDC91000AF6D4 /* Frameworks */ = {
			isa = PBXFrameworksBuildPhase;
			buildActionMask = 2147483647;
			files = (
				1A9543949AAE2FE6EE94342D /* Pods_Social_Network_Project.framework in Frameworks */,
			);
			runOnlyForDeploymentPostprocessing = 0;
		};
		B0FD0C89298CDC94000AF6D4 /* Frameworks */ = {
			isa = PBXFrameworksBuildPhase;
			buildActionMask = 2147483647;
			files = (
				F808409FFB72462B31DF18F3 /* Pods_Social_Network_ProjectTests.framework in Frameworks */,
			);
			runOnlyForDeploymentPostprocessing = 0;
		};
		B0FD0C93298CDC94000AF6D4 /* Frameworks */ = {
			isa = PBXFrameworksBuildPhase;
			buildActionMask = 2147483647;
			files = (
				B793B00B063E1DE7AA9EAA4F /* Pods_Social_Network_Project_Social_Network_ProjectUITests.framework in Frameworks */,
			);
			runOnlyForDeploymentPostprocessing = 0;
		};
/* End PBXFrameworksBuildPhase section */

/* Begin PBXGroup section */
		A3B6FD963517ECF444EE0E6A /* Pods */ = {
			isa = PBXGroup;
			children = (
				BEEA082718910A3FEF49C37A /* Pods-Social_Network_Project.debug.xcconfig */,
				F3D59929D085AD4A43B4893C /* Pods-Social_Network_Project.release.xcconfig */,
				791431505EE6F0E6E2C4D633 /* Pods-Social_Network_Project-Social_Network_ProjectUITests.debug.xcconfig */,
				5F7A534004EE28AAA6CF9361 /* Pods-Social_Network_Project-Social_Network_ProjectUITests.release.xcconfig */,
				4043CC62F4591AB4B78F6990 /* Pods-Social_Network_ProjectTests.debug.xcconfig */,
				B401B7A8E8D06B1860C69095 /* Pods-Social_Network_ProjectTests.release.xcconfig */,
			);
			path = Pods;
			sourceTree = "<group>";
		};
		B00A1281299DEB500004A2B9 /* Authentication */ = {
			isa = PBXGroup;
			children = (
				B00A1282299DECAB0004A2B9 /* EntranceViewController.swift */,
				B00A1284299DFC6A0004A2B9 /* RegistrationViewController.swift */,
				B00A1286299E2F1C0004A2B9 /* RegisterConfirmationViewController.swift */,
				B04AC2FC299F36C800B48657 /* SignInViewController.swift */,
				B00A128A299E3B9D0004A2B9 /* AuthManager */,
			);
			path = Authentication;
			sourceTree = "<group>";
		};
		B00A128A299E3B9D0004A2B9 /* AuthManager */ = {
			isa = PBXGroup;
			children = (
				B00A128B299E3BB60004A2B9 /* AuthManager.swift */,
			);
			path = AuthManager;
			sourceTree = "<group>";
		};
		B02F1A5429ADBC57004F3690 /* JSON */ = {
			isa = PBXGroup;
			children = (
				B070129129AB7CB90077755E /* stories.json */,
			);
			path = JSON;
			sourceTree = "<group>";
		};
		B02F1A5529ADBEE2004F3690 /* Patterns */ = {
			isa = PBXGroup;
			children = (
				B07012A329AB84340077755E /* IGRetryButton.swift */,
			);
			path = Patterns;
			sourceTree = "<group>";
		};
		B02F1A5629ADBF40004F3690 /* Reachability */ = {
			isa = PBXGroup;
			children = (
				B07012B329AB91920077755E /* Reachability.swift */,
			);
			path = Reachability;
			sourceTree = "<group>";
		};
		B02F1A5C29AE017A004F3690 /* Localization */ = {
			isa = PBXGroup;
			children = (
				B02F1A6629AE0350004F3690 /* Localizable.strings */,
				B02F1A5D29AE019D004F3690 /* Localization.swift */,
			);
			path = Localization;
			sourceTree = "<group>";
		};
		B02F1A6129AE021C004F3690 /* CoreData */ = {
			isa = PBXGroup;
			children = (
				B02F1A6229AE0224004F3690 /* PostData.xcdatamodeld */,
				B096C07129A76D9B002E9ADE /* CoreDataManager.swift */,
			);
			path = CoreData;
			sourceTree = "<group>";
		};
		B04AC2FE29A1308100B48657 /* Stories */ = {
			isa = PBXGroup;
			children = (
				B02F1A5629ADBF40004F3690 /* Reachability */,
				B02F1A5529ADBEE2004F3690 /* Patterns */,
				B07012BE29ABB62D0077755E /* Animators */,
				B07012BD29ABB5E50077755E /* Models */,
				B07012BA29ABB5CA0077755E /* Managers */,
				B07012B929ABB5AA0077755E /* Cells */,
				B07012B729ABB5950077755E /* Controllers */,
				B07012B629ABB5710077755E /* Views */,
				B07012B529ABB5460077755E /* ViewModels */,
			);
			path = Stories;
			sourceTree = "<group>";
		};
		B06AD19A2992670E0014BC4F /* ViewModels */ = {
			isa = PBXGroup;
			children = (
				B06AD19B299267270014BC4F /* PhotosViewModel.swift */,
				B06AD19D29926B440014BC4F /* ProfileViewModel.swift */,
				B06AD1BA29955D350014BC4F /* FriendViewModel.swift */,
				B005ECC129AE63F600D70E5E /* PersonalViewModel.swift */,
			);
			path = ViewModels;
			sourceTree = "<group>";
		};
		B07012B529ABB5460077755E /* ViewModels */ = {
			isa = PBXGroup;
			children = (
				B070127D29AB74920077755E /* StoriesHomeViewModel.swift */,
				B070128429AB770E0077755E /* IGStoryPreviewModel.swift */,
			);
			path = ViewModels;
			sourceTree = "<group>";
		};
		B07012B629ABB5710077755E /* Views */ = {
			isa = PBXGroup;
			children = (
				B07012AB29AB855C0077755E /* AnimatedCollectionViewLayout.swift */,
				B070126D29AB72780077755E /* StoriesHomeView.swift */,
				B070129729AB80A40077755E /* IGStoryPreviewView.swift */,
				B070128929AB78EF0077755E /* IGRoundedView.swift */,
				B07012A129AB83F30077755E /* IGStoryPreviewHeaderView.swift */,
				B07012A529AB84680077755E /* IGPlayerView.swift */,
				B07012A729AB84890077755E /* IGSnapProgressView.swift */,
			);
			path = Views;
			sourceTree = "<group>";
		};
		B07012B729ABB5950077755E /* Controllers */ = {
			isa = PBXGroup;
			children = (
				B070128329AB770E0077755E /* IGStoryPreviewController.swift */,
			);
			path = Controllers;
			sourceTree = "<group>";
		};
		B07012B929ABB5AA0077755E /* Cells */ = {
			isa = PBXGroup;
			children = (
				B070127929AB73640077755E /* IGAddStoryCell.swift */,
				B070126F29AB72D70077755E /* IGStoryListCell.swift */,
				B070129F29AB83D30077755E /* IGStoryPreviewCell.swift */,
			);
			path = Cells;
			sourceTree = "<group>";
		};
		B07012BA29ABB5CA0077755E /* Managers */ = {
			isa = PBXGroup;
			children = (
				B070129329AB7CCF0077755E /* IGAppUtility.swift */,
				B070128B29AB78F60077755E /* IGImageRequestable.swift */,
				B070127F29AB75A80077755E /* MockLoaderError.swift */,
				B070128729AB77E50077755E /* IGVideoCacheManager.swift */,
				B070129529AB80830077755E /* IGURLSession.swift */,
			);
			path = Managers;
			sourceTree = "<group>";
		};
		B07012BD29ABB5E50077755E /* Models */ = {
			isa = PBXGroup;
			children = (
				B070127329AB732C0077755E /* IGSnap.swift */,
				B070127529AB732C0077755E /* IGStories.swift */,
				B070127429AB732C0077755E /* IGUser.swift */,
				B04AC30129A141F900B48657 /* Stories.swift */,
				B070127129AB73140077755E /* IGStory.swift */,
				B07012B129AB87280077755E /* IGError.swift */,
				B070128F29AB7C300077755E /* IGResult.swift */,
				B070128129AB76870077755E /* IGCache.swift */,
			);
			path = Models;
			sourceTree = "<group>";
		};
		B07012BE29ABB62D0077755E /* Animators */ = {
			isa = PBXGroup;
			children = (
				B07012A929AB851A0077755E /* LayoutAttributesAnimator.swift */,
				B07012AD29AB857E0077755E /* CubeAttributesAnimator.swift */,
			);
			path = Animators;
			sourceTree = "<group>";
		};
		B096C06E29A76C9C002E9ADE /* DataBase */ = {
			isa = PBXGroup;
			children = (
				B02F1A6129AE021C004F3690 /* CoreData */,
				B02F1A5429ADBC57004F3690 /* JSON */,
			);
			path = DataBase;
			sourceTree = "<group>";
		};
		B0FD0C6A298CDC91000AF6D4 = {
			isa = PBXGroup;
			children = (
				B0FD0C75298CDC91000AF6D4 /* Social_Network_Project */,
				B0FD0C8F298CDC94000AF6D4 /* Social_Network_ProjectTests */,
				B0FD0C99298CDC94000AF6D4 /* Social_Network_ProjectUITests */,
				B0FD0C74298CDC91000AF6D4 /* Products */,
				A3B6FD963517ECF444EE0E6A /* Pods */,
				DBE9995A29F5F6761892A41C /* Frameworks */,
			);
			sourceTree = "<group>";
		};
		B0FD0C74298CDC91000AF6D4 /* Products */ = {
			isa = PBXGroup;
			children = (
				B0FD0C73298CDC91000AF6D4 /* Social_Network_Project.app */,
				B0FD0C8C298CDC94000AF6D4 /* Social_Network_ProjectTests.xctest */,
				B0FD0C96298CDC94000AF6D4 /* Social_Network_ProjectUITests.xctest */,
			);
			name = Products;
			sourceTree = "<group>";
		};
		B0FD0C75298CDC91000AF6D4 /* Social_Network_Project */ = {
			isa = PBXGroup;
			children = (
				B02F1A5C29AE017A004F3690 /* Localization */,
				B00A1281299DEB500004A2B9 /* Authentication */,
				B096C06E29A76C9C002E9ADE /* DataBase */,
				B04AC2FE29A1308100B48657 /* Stories */,
				B06AD19A2992670E0014BC4F /* ViewModels */,
				B0FD0CB9298FA207000AF6D4 /* Extensions */,
				B0FD0CB6298E2A3F000AF6D4 /* Models */,
				B0FD0CB3298D2C76000AF6D4 /* Cells */,
				B0FD0CB0298D23F5000AF6D4 /* Views */,
				B0FD0CAB298D1FE9000AF6D4 /* Controllers */,
				B0FD0C76298CDC91000AF6D4 /* AppDelegate.swift */,
				B0FD0C7C298CDC91000AF6D4 /* Main.storyboard */,
				B0FD0C82298CDC94000AF6D4 /* Assets.xcassets */,
				B0FD0C84298CDC94000AF6D4 /* LaunchScreen.storyboard */,
				B0FD0C87298CDC94000AF6D4 /* Info.plist */,
				B00A1288299E3B1A0004A2B9 /* GoogleService-Info.plist */,
				B0FD0C7F298CDC91000AF6D4 /* Social_Network_Project.xcdatamodeld */,
			);
			path = Social_Network_Project;
			sourceTree = "<group>";
		};
		B0FD0C8F298CDC94000AF6D4 /* Social_Network_ProjectTests */ = {
			isa = PBXGroup;
			children = (
				B0FD0C90298CDC94000AF6D4 /* Social_Network_ProjectTests.swift */,
			);
			path = Social_Network_ProjectTests;
			sourceTree = "<group>";
		};
		B0FD0C99298CDC94000AF6D4 /* Social_Network_ProjectUITests */ = {
			isa = PBXGroup;
			children = (
				B0FD0C9A298CDC94000AF6D4 /* Social_Network_ProjectUITests.swift */,
				B0FD0C9C298CDC94000AF6D4 /* Social_Network_ProjectUITestsLaunchTests.swift */,
			);
			path = Social_Network_ProjectUITests;
			sourceTree = "<group>";
		};
		B0FD0CAB298D1FE9000AF6D4 /* Controllers */ = {
			isa = PBXGroup;
			children = (
				B0E0506129A33F36008BBC02 /* FriendViewController.swift */,
				B02C7ACA29A8CC0800819780 /* FriendPhotosViewController.swift */,
				B06AD16C29913DFC0014BC4F /* FeedViewController.swift */,
				B06AD16E29913ED80014BC4F /* PersonalViewController.swift */,
				B06AD17729921CDF0014BC4F /* PhotosViewController.swift */,
				B06AD1A3299396430014BC4F /* AlbumsViewController.swift */,
				B0F26B2329AC9F560052B62E /* PostViewController.swift */,
				B0FD0CA9298D1623000AF6D4 /* ProfileViewController.swift */,
				B03074C829A4EC0C00B23333 /* InformationViewController.swift */,
				B0E40451299CB4E6005F7314 /* EditViewController.swift */,
				B0FD1BCA299A07BD00380BF1 /* EditMenuViewController.swift */,
				B01937EB2997A609007AEB93 /* ProfileSideMenuViewController.swift */,
				B0FD0CAC298D200C000AF6D4 /* MainViewController.swift */,
				B0FD0CAE298D20B9000AF6D4 /* LikedPostsViewController.swift */,
				B005ECC329AE890800D70E5E /* ContactsViewController.swift */,
				B005ECC729AF072700D70E5E /* InterestsViewController.swift */,
				B005ECC929AF1A8A00D70E5E /* EducationViewController.swift */,
				B005ECCB29AF275200D70E5E /* CareerViewController.swift */,
				B06FE10229B0BDAD0027E178 /* AlbumPhotosViewController.swift */,
			);
			path = Controllers;
			sourceTree = "<group>";
		};
		B0FD0CB0298D23F5000AF6D4 /* Views */ = {
			isa = PBXGroup;
			children = (
				B0E0506329A34090008BBC02 /* FriendHeaderView.swift */,
				B0FD0CB1298D2C52000AF6D4 /* ProfileHeaderView.swift */,
			);
			path = Views;
			sourceTree = "<group>";
		};
		B0FD0CB3298D2C76000AF6D4 /* Cells */ = {
			isa = PBXGroup;
			children = (
				B096C07429A7ADCB002E9ADE /* FriendPhotosTableViewCell.swift */,
				B0FD0CB4298D2C93000AF6D4 /* PostsTableViewCell.swift */,
				B06AD17229916B1D0014BC4F /* PhotosCollectionViewCell.swift */,
				B06AD17129916B1C0014BC4F /* PhotosTableViewCell.swift */,
				B06AD196299261910014BC4F /* AlbumsCollectionViewCell.swift */,
				B06AD19F299369E30014BC4F /* AlbumTableViewCell.swift */,
				B06AD1A129936F7D0014BC4F /* AllPhotosTableViewCell.swift */,
				B0FD1BC8299916D900380BF1 /* ProfileSideTableViewCell.swift */,
				B0E0506829A3E233008BBC02 /* LikedPostsTableViewCell.swift */,
				B005ECC529AEFFCD00D70E5E /* ContactsTableViewCell.swift */,
				B005ECD429AF8BE500D70E5E /* CommentsTableViewCell.swift */,
			);
			path = Cells;
			sourceTree = "<group>";
		};
		B0FD0CB6298E2A3F000AF6D4 /* Models */ = {
			isa = PBXGroup;
			children = (
				B0FD0CB7298E2A57000AF6D4 /* Post.swift */,
				B0FD0CBC298FFF15000AF6D4 /* Profile.swift */,
				B06AD17529916C720014BC4F /* Photo.swift */,
				B06AD198299263C90014BC4F /* Album.swift */,
				B06AD1B829955B450014BC4F /* Friend.swift */,
				B005ECBF29AE62FF00D70E5E /* Feed.swift */,
			);
			path = Models;
			sourceTree = "<group>";
		};
		B0FD0CB9298FA207000AF6D4 /* Extensions */ = {
			isa = PBXGroup;
			children = (
				B0FD0CBA298FA23E000AF6D4 /* Extensions.swift */,
				B070128D29AB7BFC0077755E /* ImageView + Additions.swift */,
				B07012AF29AB85E10077755E /* UIView+Anchor.swift */,
			);
			path = Extensions;
			sourceTree = "<group>";
		};
		DBE9995A29F5F6761892A41C /* Frameworks */ = {
			isa = PBXGroup;
			children = (
				58671F7C899FD5AFAD4078A2 /* Pods_Social_Network_Project.framework */,
				45047299AE91BF83B2CB632E /* Pods_Social_Network_Project_Social_Network_ProjectUITests.framework */,
				0ACD0E9DA9550FCFF04EFF93 /* Pods_Social_Network_ProjectTests.framework */,
			);
			name = Frameworks;
			sourceTree = "<group>";
		};
/* End PBXGroup section */

/* Begin PBXNativeTarget section */
		B0FD0C72298CDC91000AF6D4 /* Social_Network_Project */ = {
			isa = PBXNativeTarget;
			buildConfigurationList = B0FD0CA0298CDC94000AF6D4 /* Build configuration list for PBXNativeTarget "Social_Network_Project" */;
			buildPhases = (
				7268AB9964F730D6ECCFAD09 /* [CP] Check Pods Manifest.lock */,
				B0FD0C6F298CDC91000AF6D4 /* Sources */,
				B0FD0C70298CDC91000AF6D4 /* Frameworks */,
				B0FD0C71298CDC91000AF6D4 /* Resources */,
				6B58A1797B9B797D6CA43B41 /* [CP] Embed Pods Frameworks */,
			);
			buildRules = (
			);
			dependencies = (
			);
			name = Social_Network_Project;
			productName = Social_Network_Project;
			productReference = B0FD0C73298CDC91000AF6D4 /* Social_Network_Project.app */;
			productType = "com.apple.product-type.application";
		};
		B0FD0C8B298CDC94000AF6D4 /* Social_Network_ProjectTests */ = {
			isa = PBXNativeTarget;
			buildConfigurationList = B0FD0CA3298CDC94000AF6D4 /* Build configuration list for PBXNativeTarget "Social_Network_ProjectTests" */;
			buildPhases = (
				86D847F10962835F14BE92A3 /* [CP] Check Pods Manifest.lock */,
				B0FD0C88298CDC94000AF6D4 /* Sources */,
				B0FD0C89298CDC94000AF6D4 /* Frameworks */,
				B0FD0C8A298CDC94000AF6D4 /* Resources */,
			);
			buildRules = (
			);
			dependencies = (
				B0FD0C8E298CDC94000AF6D4 /* PBXTargetDependency */,
			);
			name = Social_Network_ProjectTests;
			productName = Social_Network_ProjectTests;
			productReference = B0FD0C8C298CDC94000AF6D4 /* Social_Network_ProjectTests.xctest */;
			productType = "com.apple.product-type.bundle.unit-test";
		};
		B0FD0C95298CDC94000AF6D4 /* Social_Network_ProjectUITests */ = {
			isa = PBXNativeTarget;
			buildConfigurationList = B0FD0CA6298CDC94000AF6D4 /* Build configuration list for PBXNativeTarget "Social_Network_ProjectUITests" */;
			buildPhases = (
				4BF3BC4D0FF01919DFB9EC02 /* [CP] Check Pods Manifest.lock */,
				B0FD0C92298CDC94000AF6D4 /* Sources */,
				B0FD0C93298CDC94000AF6D4 /* Frameworks */,
				B0FD0C94298CDC94000AF6D4 /* Resources */,
				F0840137F1D0260E3958C868 /* [CP] Embed Pods Frameworks */,
			);
			buildRules = (
			);
			dependencies = (
				B0FD0C98298CDC94000AF6D4 /* PBXTargetDependency */,
			);
			name = Social_Network_ProjectUITests;
			productName = Social_Network_ProjectUITests;
			productReference = B0FD0C96298CDC94000AF6D4 /* Social_Network_ProjectUITests.xctest */;
			productType = "com.apple.product-type.bundle.ui-testing";
		};
/* End PBXNativeTarget section */

/* Begin PBXProject section */
		B0FD0C6B298CDC91000AF6D4 /* Project object */ = {
			isa = PBXProject;
			attributes = {
				BuildIndependentTargetsInParallel = 1;
				LastSwiftUpdateCheck = 1410;
				LastUpgradeCheck = 1410;
				TargetAttributes = {
					B0FD0C72298CDC91000AF6D4 = {
						CreatedOnToolsVersion = 14.1;
					};
					B0FD0C8B298CDC94000AF6D4 = {
						CreatedOnToolsVersion = 14.1;
						TestTargetID = B0FD0C72298CDC91000AF6D4;
					};
					B0FD0C95298CDC94000AF6D4 = {
						CreatedOnToolsVersion = 14.1;
						TestTargetID = B0FD0C72298CDC91000AF6D4;
					};
				};
			};
			buildConfigurationList = B0FD0C6E298CDC91000AF6D4 /* Build configuration list for PBXProject "Social_Network_Project" */;
			compatibilityVersion = "Xcode 13.0";
			developmentRegion = en;
			hasScannedForEncodings = 0;
			knownRegions = (
				en,
				Base,
				ru,
				"kk-KZ",
			);
			mainGroup = B0FD0C6A298CDC91000AF6D4;
			productRefGroup = B0FD0C74298CDC91000AF6D4 /* Products */;
			projectDirPath = "";
			projectRoot = "";
			targets = (
				B0FD0C72298CDC91000AF6D4 /* Social_Network_Project */,
				B0FD0C8B298CDC94000AF6D4 /* Social_Network_ProjectTests */,
				B0FD0C95298CDC94000AF6D4 /* Social_Network_ProjectUITests */,
			);
		};
/* End PBXProject section */

/* Begin PBXResourcesBuildPhase section */
		B0FD0C71298CDC91000AF6D4 /* Resources */ = {
			isa = PBXResourcesBuildPhase;
			buildActionMask = 2147483647;
			files = (
				B0FD0C86298CDC94000AF6D4 /* LaunchScreen.storyboard in Resources */,
				B02F1A6429AE0350004F3690 /* Localizable.strings in Resources */,
				B070129229AB7CB90077755E /* stories.json in Resources */,
				B00A1289299E3B1A0004A2B9 /* GoogleService-Info.plist in Resources */,
				B0FD0C83298CDC94000AF6D4 /* Assets.xcassets in Resources */,
				B0FD0C7E298CDC91000AF6D4 /* Main.storyboard in Resources */,
			);
			runOnlyForDeploymentPostprocessing = 0;
		};
		B0FD0C8A298CDC94000AF6D4 /* Resources */ = {
			isa = PBXResourcesBuildPhase;
			buildActionMask = 2147483647;
			files = (
			);
			runOnlyForDeploymentPostprocessing = 0;
		};
		B0FD0C94298CDC94000AF6D4 /* Resources */ = {
			isa = PBXResourcesBuildPhase;
			buildActionMask = 2147483647;
			files = (
			);
			runOnlyForDeploymentPostprocessing = 0;
		};
/* End PBXResourcesBuildPhase section */

/* Begin PBXShellScriptBuildPhase section */
		4BF3BC4D0FF01919DFB9EC02 /* [CP] Check Pods Manifest.lock */ = {
			isa = PBXShellScriptBuildPhase;
			buildActionMask = 2147483647;
			files = (
			);
			inputFileListPaths = (
			);
			inputPaths = (
				"${PODS_PODFILE_DIR_PATH}/Podfile.lock",
				"${PODS_ROOT}/Manifest.lock",
			);
			name = "[CP] Check Pods Manifest.lock";
			outputFileListPaths = (
			);
			outputPaths = (
				"$(DERIVED_FILE_DIR)/Pods-Social_Network_Project-Social_Network_ProjectUITests-checkManifestLockResult.txt",
			);
			runOnlyForDeploymentPostprocessing = 0;
			shellPath = /bin/sh;
			shellScript = "diff \"${PODS_PODFILE_DIR_PATH}/Podfile.lock\" \"${PODS_ROOT}/Manifest.lock\" > /dev/null\nif [ $? != 0 ] ; then\n    # print error to STDERR\n    echo \"error: The sandbox is not in sync with the Podfile.lock. Run 'pod install' or update your CocoaPods installation.\" >&2\n    exit 1\nfi\n# This output is used by Xcode 'outputs' to avoid re-running this script phase.\necho \"SUCCESS\" > \"${SCRIPT_OUTPUT_FILE_0}\"\n";
			showEnvVarsInLog = 0;
		};
		6B58A1797B9B797D6CA43B41 /* [CP] Embed Pods Frameworks */ = {
			isa = PBXShellScriptBuildPhase;
			buildActionMask = 2147483647;
			files = (
			);
			inputFileListPaths = (
				"${PODS_ROOT}/Target Support Files/Pods-Social_Network_Project/Pods-Social_Network_Project-frameworks-${CONFIGURATION}-input-files.xcfilelist",
			);
			name = "[CP] Embed Pods Frameworks";
			outputFileListPaths = (
				"${PODS_ROOT}/Target Support Files/Pods-Social_Network_Project/Pods-Social_Network_Project-frameworks-${CONFIGURATION}-output-files.xcfilelist",
			);
			runOnlyForDeploymentPostprocessing = 0;
			shellPath = /bin/sh;
			shellScript = "\"${PODS_ROOT}/Target Support Files/Pods-Social_Network_Project/Pods-Social_Network_Project-frameworks.sh\"\n";
			showEnvVarsInLog = 0;
		};
		7268AB9964F730D6ECCFAD09 /* [CP] Check Pods Manifest.lock */ = {
			isa = PBXShellScriptBuildPhase;
			buildActionMask = 2147483647;
			files = (
			);
			inputFileListPaths = (
			);
			inputPaths = (
				"${PODS_PODFILE_DIR_PATH}/Podfile.lock",
				"${PODS_ROOT}/Manifest.lock",
			);
			name = "[CP] Check Pods Manifest.lock";
			outputFileListPaths = (
			);
			outputPaths = (
				"$(DERIVED_FILE_DIR)/Pods-Social_Network_Project-checkManifestLockResult.txt",
			);
			runOnlyForDeploymentPostprocessing = 0;
			shellPath = /bin/sh;
			shellScript = "diff \"${PODS_PODFILE_DIR_PATH}/Podfile.lock\" \"${PODS_ROOT}/Manifest.lock\" > /dev/null\nif [ $? != 0 ] ; then\n    # print error to STDERR\n    echo \"error: The sandbox is not in sync with the Podfile.lock. Run 'pod install' or update your CocoaPods installation.\" >&2\n    exit 1\nfi\n# This output is used by Xcode 'outputs' to avoid re-running this script phase.\necho \"SUCCESS\" > \"${SCRIPT_OUTPUT_FILE_0}\"\n";
			showEnvVarsInLog = 0;
		};
		86D847F10962835F14BE92A3 /* [CP] Check Pods Manifest.lock */ = {
			isa = PBXShellScriptBuildPhase;
			buildActionMask = 2147483647;
			files = (
			);
			inputFileListPaths = (
			);
			inputPaths = (
				"${PODS_PODFILE_DIR_PATH}/Podfile.lock",
				"${PODS_ROOT}/Manifest.lock",
			);
			name = "[CP] Check Pods Manifest.lock";
			outputFileListPaths = (
			);
			outputPaths = (
				"$(DERIVED_FILE_DIR)/Pods-Social_Network_ProjectTests-checkManifestLockResult.txt",
			);
			runOnlyForDeploymentPostprocessing = 0;
			shellPath = /bin/sh;
			shellScript = "diff \"${PODS_PODFILE_DIR_PATH}/Podfile.lock\" \"${PODS_ROOT}/Manifest.lock\" > /dev/null\nif [ $? != 0 ] ; then\n    # print error to STDERR\n    echo \"error: The sandbox is not in sync with the Podfile.lock. Run 'pod install' or update your CocoaPods installation.\" >&2\n    exit 1\nfi\n# This output is used by Xcode 'outputs' to avoid re-running this script phase.\necho \"SUCCESS\" > \"${SCRIPT_OUTPUT_FILE_0}\"\n";
			showEnvVarsInLog = 0;
		};
		F0840137F1D0260E3958C868 /* [CP] Embed Pods Frameworks */ = {
			isa = PBXShellScriptBuildPhase;
			buildActionMask = 2147483647;
			files = (
			);
			inputFileListPaths = (
				"${PODS_ROOT}/Target Support Files/Pods-Social_Network_Project-Social_Network_ProjectUITests/Pods-Social_Network_Project-Social_Network_ProjectUITests-frameworks-${CONFIGURATION}-input-files.xcfilelist",
			);
			name = "[CP] Embed Pods Frameworks";
			outputFileListPaths = (
				"${PODS_ROOT}/Target Support Files/Pods-Social_Network_Project-Social_Network_ProjectUITests/Pods-Social_Network_Project-Social_Network_ProjectUITests-frameworks-${CONFIGURATION}-output-files.xcfilelist",
			);
			runOnlyForDeploymentPostprocessing = 0;
			shellPath = /bin/sh;
			shellScript = "\"${PODS_ROOT}/Target Support Files/Pods-Social_Network_Project-Social_Network_ProjectUITests/Pods-Social_Network_Project-Social_Network_ProjectUITests-frameworks.sh\"\n";
			showEnvVarsInLog = 0;
		};
/* End PBXShellScriptBuildPhase section */

/* Begin PBXSourcesBuildPhase section */
		B0FD0C6F298CDC91000AF6D4 /* Sources */ = {
			isa = PBXSourcesBuildPhase;
			buildActionMask = 2147483647;
			files = (
				B070129D29AB835D0077755E /* Social_Network_Project.xcdatamodeld in Sources */,
				B06AD1BB29955D350014BC4F /* FriendViewModel.swift in Sources */,
				B0FD0CB5298D2C93000AF6D4 /* PostsTableViewCell.swift in Sources */,
				B005ECC829AF072700D70E5E /* InterestsViewController.swift in Sources */,
				B06AD1B929955B450014BC4F /* Friend.swift in Sources */,
				B0E0506929A3E233008BBC02 /* LikedPostsTableViewCell.swift in Sources */,
				B07012B229AB87280077755E /* IGError.swift in Sources */,
				B07012B429AB91920077755E /* Reachability.swift in Sources */,
				B07012AE29AB857E0077755E /* CubeAttributesAnimator.swift in Sources */,
				B070127A29AB73650077755E /* IGAddStoryCell.swift in Sources */,
				B07012A229AB83F30077755E /* IGStoryPreviewHeaderView.swift in Sources */,
				B070128629AB770F0077755E /* IGStoryPreviewModel.swift in Sources */,
				B06AD17829921CDF0014BC4F /* PhotosViewController.swift in Sources */,
				B06AD17429916B1D0014BC4F /* PhotosCollectionViewCell.swift in Sources */,
				B0FD0CBD298FFF15000AF6D4 /* Profile.swift in Sources */,
				B0FD1BC9299916D900380BF1 /* ProfileSideTableViewCell.swift in Sources */,
				B06AD1A4299396430014BC4F /* AlbumsViewController.swift in Sources */,
				B04AC30229A141F900B48657 /* Stories.swift in Sources */,
				B00A1285299DFC6A0004A2B9 /* RegistrationViewController.swift in Sources */,
				B070128A29AB78EF0077755E /* IGRoundedView.swift in Sources */,
				B0FD0CBB298FA23E000AF6D4 /* Extensions.swift in Sources */,
				B070128E29AB7BFC0077755E /* ImageView + Additions.swift in Sources */,
				B06AD199299263C90014BC4F /* Album.swift in Sources */,
				B070129429AB7CCF0077755E /* IGAppUtility.swift in Sources */,
				B0E0506429A34090008BBC02 /* FriendHeaderView.swift in Sources */,
				B070127829AB732C0077755E /* IGStories.swift in Sources */,
				B005ECD129AF63E100D70E5E /* PostData.xcdatamodeld in Sources */,
				B0FD0CB2298D2C52000AF6D4 /* ProfileHeaderView.swift in Sources */,
				B07012AA29AB851A0077755E /* LayoutAttributesAnimator.swift in Sources */,
				B0E0506229A33F36008BBC02 /* FriendViewController.swift in Sources */,
				B02C7ACB29A8CC0800819780 /* FriendPhotosViewController.swift in Sources */,
				B0FD0CB8298E2A57000AF6D4 /* Post.swift in Sources */,
				B070127E29AB74920077755E /* StoriesHomeViewModel.swift in Sources */,
				B096C07529A7ADCB002E9ADE /* FriendPhotosTableViewCell.swift in Sources */,
				B070128C29AB78F60077755E /* IGImageRequestable.swift in Sources */,
				B0FD0CAA298D1623000AF6D4 /* ProfileViewController.swift in Sources */,
				B06AD16D29913DFC0014BC4F /* FeedViewController.swift in Sources */,
				B06FE10329B0BDAD0027E178 /* AlbumPhotosViewController.swift in Sources */,
				B005ECC229AE63F600D70E5E /* PersonalViewModel.swift in Sources */,
				B00A1287299E2F1C0004A2B9 /* RegisterConfirmationViewController.swift in Sources */,
				B01937EC2997A609007AEB93 /* ProfileSideMenuViewController.swift in Sources */,
				B06AD1A0299369E30014BC4F /* AlbumTableViewCell.swift in Sources */,
				B07012A429AB84340077755E /* IGRetryButton.swift in Sources */,
				B005ECC429AE890800D70E5E /* ContactsViewController.swift in Sources */,
				B0F26B2429AC9F570052B62E /* PostViewController.swift in Sources */,
				B070128829AB77E50077755E /* IGVideoCacheManager.swift in Sources */,
				B00A128C299E3BB70004A2B9 /* AuthManager.swift in Sources */,
				B02F1A5F29AE019D004F3690 /* Localization.swift in Sources */,
				B070127029AB72D70077755E /* IGStoryListCell.swift in Sources */,
				B06AD17629916C720014BC4F /* Photo.swift in Sources */,
				B07012B029AB85E10077755E /* UIView+Anchor.swift in Sources */,
				B07012AC29AB855C0077755E /* AnimatedCollectionViewLayout.swift in Sources */,
				B0FD0C77298CDC91000AF6D4 /* AppDelegate.swift in Sources */,
				B06AD1A229936F7D0014BC4F /* AllPhotosTableViewCell.swift in Sources */,
				B0FD1BCB299A07BD00380BF1 /* EditMenuViewController.swift in Sources */,
				B070126E29AB72780077755E /* StoriesHomeView.swift in Sources */,
				B04AC2FD299F36C800B48657 /* SignInViewController.swift in Sources */,
				B070128029AB75A80077755E /* MockLoaderError.swift in Sources */,
				B070129029AB7C310077755E /* IGResult.swift in Sources */,
				B070127229AB73140077755E /* IGStory.swift in Sources */,
				B005ECCA29AF1A8A00D70E5E /* EducationViewController.swift in Sources */,
				B07012A829AB84890077755E /* IGSnapProgressView.swift in Sources */,
				B005ECCC29AF275200D70E5E /* CareerViewController.swift in Sources */,
				B06AD17329916B1D0014BC4F /* PhotosTableViewCell.swift in Sources */,
				B070127729AB732C0077755E /* IGUser.swift in Sources */,
				B005ECC029AE62FF00D70E5E /* Feed.swift in Sources */,
				B096C07329A76D9B002E9ADE /* CoreDataManager.swift in Sources */,
				B07012A029AB83D30077755E /* IGStoryPreviewCell.swift in Sources */,
				B005ECD529AF8BE500D70E5E /* CommentsTableViewCell.swift in Sources */,
				B06AD19E29926B440014BC4F /* ProfileViewModel.swift in Sources */,
				B0E40452299CB4E6005F7314 /* EditViewController.swift in Sources */,
				B070128529AB770F0077755E /* IGStoryPreviewController.swift in Sources */,
				B00A1283299DECAB0004A2B9 /* EntranceViewController.swift in Sources */,
				B070129829AB80A40077755E /* IGStoryPreviewView.swift in Sources */,
				B03074C929A4EC0C00B23333 /* InformationViewController.swift in Sources */,
				B0FD0CAD298D200C000AF6D4 /* MainViewController.swift in Sources */,
				B06AD197299261910014BC4F /* AlbumsCollectionViewCell.swift in Sources */,
				B005ECC629AEFFCD00D70E5E /* ContactsTableViewCell.swift in Sources */,
				B070129629AB80830077755E /* IGURLSession.swift in Sources */,
				B07012A629AB84690077755E /* IGPlayerView.swift in Sources */,
				B070127629AB732C0077755E /* IGSnap.swift in Sources */,
				B06AD19C299267270014BC4F /* PhotosViewModel.swift in Sources */,
				B070128229AB76870077755E /* IGCache.swift in Sources */,
				B06AD16F29913ED80014BC4F /* PersonalViewController.swift in Sources */,
				B0FD0CAF298D20B9000AF6D4 /* LikedPostsViewController.swift in Sources */,
			);
			runOnlyForDeploymentPostprocessing = 0;
		};
		B0FD0C88298CDC94000AF6D4 /* Sources */ = {
			isa = PBXSourcesBuildPhase;
			buildActionMask = 2147483647;
			files = (
				B0FD0C91298CDC94000AF6D4 /* Social_Network_ProjectTests.swift in Sources */,
			);
			runOnlyForDeploymentPostprocessing = 0;
		};
		B0FD0C92298CDC94000AF6D4 /* Sources */ = {
			isa = PBXSourcesBuildPhase;
			buildActionMask = 2147483647;
			files = (
				B0FD0C9D298CDC94000AF6D4 /* Social_Network_ProjectUITestsLaunchTests.swift in Sources */,
				B0FD0C9B298CDC94000AF6D4 /* Social_Network_ProjectUITests.swift in Sources */,
			);
			runOnlyForDeploymentPostprocessing = 0;
		};
/* End PBXSourcesBuildPhase section */

/* Begin PBXTargetDependency section */
		B0FD0C8E298CDC94000AF6D4 /* PBXTargetDependency */ = {
			isa = PBXTargetDependency;
			target = B0FD0C72298CDC91000AF6D4 /* Social_Network_Project */;
			targetProxy = B0FD0C8D298CDC94000AF6D4 /* PBXContainerItemProxy */;
		};
		B0FD0C98298CDC94000AF6D4 /* PBXTargetDependency */ = {
			isa = PBXTargetDependency;
			target = B0FD0C72298CDC91000AF6D4 /* Social_Network_Project */;
			targetProxy = B0FD0C97298CDC94000AF6D4 /* PBXContainerItemProxy */;
		};
/* End PBXTargetDependency section */

/* Begin PBXVariantGroup section */
		B02F1A6629AE0350004F3690 /* Localizable.strings */ = {
			isa = PBXVariantGroup;
			children = (
				B02F1A6529AE0350004F3690 /* en */,
				B02F1A6929AE03AC004F3690 /* ru */,
				B02F1A6C29AE03DF004F3690 /* kk-KZ */,
			);
			name = Localizable.strings;
			sourceTree = "<group>";
		};
		B0FD0C7C298CDC91000AF6D4 /* Main.storyboard */ = {
			isa = PBXVariantGroup;
			children = (
				B0FD0C7D298CDC91000AF6D4 /* Base */,
				B02F1A6729AE03AB004F3690 /* ru */,
				B02F1A6A29AE03DF004F3690 /* kk-KZ */,
			);
			name = Main.storyboard;
			sourceTree = "<group>";
		};
		B0FD0C84298CDC94000AF6D4 /* LaunchScreen.storyboard */ = {
			isa = PBXVariantGroup;
			children = (
				B0FD0C85298CDC94000AF6D4 /* Base */,
				B02F1A6829AE03AC004F3690 /* ru */,
				B02F1A6B29AE03DF004F3690 /* kk-KZ */,
			);
			name = LaunchScreen.storyboard;
			sourceTree = "<group>";
		};
/* End PBXVariantGroup section */

/* Begin XCBuildConfiguration section */
		B0FD0C9E298CDC94000AF6D4 /* Debug */ = {
			isa = XCBuildConfiguration;
			buildSettings = {
				ALWAYS_SEARCH_USER_PATHS = NO;
				CLANG_ANALYZER_LOCALIZABILITY_NONLOCALIZED = YES;
				CLANG_ANALYZER_NONNULL = YES;
				CLANG_ANALYZER_NUMBER_OBJECT_CONVERSION = YES_AGGRESSIVE;
				CLANG_CXX_LANGUAGE_STANDARD = "gnu++20";
				CLANG_ENABLE_MODULES = YES;
				CLANG_ENABLE_OBJC_ARC = YES;
				CLANG_ENABLE_OBJC_WEAK = YES;
				CLANG_WARN_BLOCK_CAPTURE_AUTORELEASING = YES;
				CLANG_WARN_BOOL_CONVERSION = YES;
				CLANG_WARN_COMMA = YES;
				CLANG_WARN_CONSTANT_CONVERSION = YES;
				CLANG_WARN_DEPRECATED_OBJC_IMPLEMENTATIONS = YES;
				CLANG_WARN_DIRECT_OBJC_ISA_USAGE = YES_ERROR;
				CLANG_WARN_DOCUMENTATION_COMMENTS = YES;
				CLANG_WARN_EMPTY_BODY = YES;
				CLANG_WARN_ENUM_CONVERSION = YES;
				CLANG_WARN_INFINITE_RECURSION = YES;
				CLANG_WARN_INT_CONVERSION = YES;
				CLANG_WARN_NON_LITERAL_NULL_CONVERSION = YES;
				CLANG_WARN_OBJC_IMPLICIT_RETAIN_SELF = YES;
				CLANG_WARN_OBJC_LITERAL_CONVERSION = YES;
				CLANG_WARN_OBJC_ROOT_CLASS = YES_ERROR;
				CLANG_WARN_QUOTED_INCLUDE_IN_FRAMEWORK_HEADER = YES;
				CLANG_WARN_RANGE_LOOP_ANALYSIS = YES;
				CLANG_WARN_STRICT_PROTOTYPES = YES;
				CLANG_WARN_SUSPICIOUS_MOVE = YES;
				CLANG_WARN_UNGUARDED_AVAILABILITY = YES_AGGRESSIVE;
				CLANG_WARN_UNREACHABLE_CODE = YES;
				CLANG_WARN__DUPLICATE_METHOD_MATCH = YES;
				COPY_PHASE_STRIP = NO;
				DEBUG_INFORMATION_FORMAT = dwarf;
				ENABLE_STRICT_OBJC_MSGSEND = YES;
				ENABLE_TESTABILITY = YES;
				GCC_C_LANGUAGE_STANDARD = gnu11;
				GCC_DYNAMIC_NO_PIC = NO;
				GCC_NO_COMMON_BLOCKS = YES;
				GCC_OPTIMIZATION_LEVEL = 0;
				GCC_PREPROCESSOR_DEFINITIONS = (
					"DEBUG=1",
					"$(inherited)",
				);
				GCC_WARN_64_TO_32_BIT_CONVERSION = YES;
				GCC_WARN_ABOUT_RETURN_TYPE = YES_ERROR;
				GCC_WARN_UNDECLARED_SELECTOR = YES;
				GCC_WARN_UNINITIALIZED_AUTOS = YES_AGGRESSIVE;
				GCC_WARN_UNUSED_FUNCTION = YES;
				GCC_WARN_UNUSED_VARIABLE = YES;
				IPHONEOS_DEPLOYMENT_TARGET = 16.1;
				MTL_ENABLE_DEBUG_INFO = INCLUDE_SOURCE;
				MTL_FAST_MATH = YES;
				ONLY_ACTIVE_ARCH = YES;
				SDKROOT = iphoneos;
				SWIFT_ACTIVE_COMPILATION_CONDITIONS = DEBUG;
				SWIFT_OPTIMIZATION_LEVEL = "-Onone";
			};
			name = Debug;
		};
		B0FD0C9F298CDC94000AF6D4 /* Release */ = {
			isa = XCBuildConfiguration;
			buildSettings = {
				ALWAYS_SEARCH_USER_PATHS = NO;
				CLANG_ANALYZER_LOCALIZABILITY_NONLOCALIZED = YES;
				CLANG_ANALYZER_NONNULL = YES;
				CLANG_ANALYZER_NUMBER_OBJECT_CONVERSION = YES_AGGRESSIVE;
				CLANG_CXX_LANGUAGE_STANDARD = "gnu++20";
				CLANG_ENABLE_MODULES = YES;
				CLANG_ENABLE_OBJC_ARC = YES;
				CLANG_ENABLE_OBJC_WEAK = YES;
				CLANG_WARN_BLOCK_CAPTURE_AUTORELEASING = YES;
				CLANG_WARN_BOOL_CONVERSION = YES;
				CLANG_WARN_COMMA = YES;
				CLANG_WARN_CONSTANT_CONVERSION = YES;
				CLANG_WARN_DEPRECATED_OBJC_IMPLEMENTATIONS = YES;
				CLANG_WARN_DIRECT_OBJC_ISA_USAGE = YES_ERROR;
				CLANG_WARN_DOCUMENTATION_COMMENTS = YES;
				CLANG_WARN_EMPTY_BODY = YES;
				CLANG_WARN_ENUM_CONVERSION = YES;
				CLANG_WARN_INFINITE_RECURSION = YES;
				CLANG_WARN_INT_CONVERSION = YES;
				CLANG_WARN_NON_LITERAL_NULL_CONVERSION = YES;
				CLANG_WARN_OBJC_IMPLICIT_RETAIN_SELF = YES;
				CLANG_WARN_OBJC_LITERAL_CONVERSION = YES;
				CLANG_WARN_OBJC_ROOT_CLASS = YES_ERROR;
				CLANG_WARN_QUOTED_INCLUDE_IN_FRAMEWORK_HEADER = YES;
				CLANG_WARN_RANGE_LOOP_ANALYSIS = YES;
				CLANG_WARN_STRICT_PROTOTYPES = YES;
				CLANG_WARN_SUSPICIOUS_MOVE = YES;
				CLANG_WARN_UNGUARDED_AVAILABILITY = YES_AGGRESSIVE;
				CLANG_WARN_UNREACHABLE_CODE = YES;
				CLANG_WARN__DUPLICATE_METHOD_MATCH = YES;
				COPY_PHASE_STRIP = NO;
				DEBUG_INFORMATION_FORMAT = "dwarf-with-dsym";
				ENABLE_NS_ASSERTIONS = NO;
				ENABLE_STRICT_OBJC_MSGSEND = YES;
				GCC_C_LANGUAGE_STANDARD = gnu11;
				GCC_NO_COMMON_BLOCKS = YES;
				GCC_WARN_64_TO_32_BIT_CONVERSION = YES;
				GCC_WARN_ABOUT_RETURN_TYPE = YES_ERROR;
				GCC_WARN_UNDECLARED_SELECTOR = YES;
				GCC_WARN_UNINITIALIZED_AUTOS = YES_AGGRESSIVE;
				GCC_WARN_UNUSED_FUNCTION = YES;
				GCC_WARN_UNUSED_VARIABLE = YES;
				IPHONEOS_DEPLOYMENT_TARGET = 16.1;
				MTL_ENABLE_DEBUG_INFO = NO;
				MTL_FAST_MATH = YES;
				SDKROOT = iphoneos;
				SWIFT_COMPILATION_MODE = wholemodule;
				SWIFT_OPTIMIZATION_LEVEL = "-O";
				VALIDATE_PRODUCT = YES;
			};
			name = Release;
		};
		B0FD0CA1298CDC94000AF6D4 /* Debug */ = {
			isa = XCBuildConfiguration;
			baseConfigurationReference = BEEA082718910A3FEF49C37A /* Pods-Social_Network_Project.debug.xcconfig */;
			buildSettings = {
				ASSETCATALOG_COMPILER_APPICON_NAME = AppIcon;
				ASSETCATALOG_COMPILER_GLOBAL_ACCENT_COLOR_NAME = AccentColor;
				CODE_SIGN_STYLE = Automatic;
				CURRENT_PROJECT_VERSION = 1;
				DEVELOPMENT_TEAM = W3VF76BU83;
				GENERATE_INFOPLIST_FILE = YES;
				INFOPLIST_FILE = Social_Network_Project/Info.plist;
				INFOPLIST_KEY_NSCameraUsageDescription = "Приложение запрашивает доступ к камере";
				INFOPLIST_KEY_NSPhotoLibraryUsageDescription = "Приложение запрашивает доступ к фотографиям";
				INFOPLIST_KEY_UIApplicationSupportsIndirectInputEvents = YES;
				INFOPLIST_KEY_UILaunchStoryboardName = LaunchScreen;
				INFOPLIST_KEY_UIMainStoryboardFile = Main;
				INFOPLIST_KEY_UISupportedInterfaceOrientations_iPad = "UIInterfaceOrientationPortrait UIInterfaceOrientationPortraitUpsideDown UIInterfaceOrientationLandscapeLeft UIInterfaceOrientationLandscapeRight";
				INFOPLIST_KEY_UISupportedInterfaceOrientations_iPhone = "UIInterfaceOrientationPortrait UIInterfaceOrientationLandscapeLeft UIInterfaceOrientationLandscapeRight";
				IPHONEOS_DEPLOYMENT_TARGET = 13.0;
				LD_RUNPATH_SEARCH_PATHS = (
					"$(inherited)",
					"@executable_path/Frameworks",
				);
				MARKETING_VERSION = 1.0;
				PRODUCT_BUNDLE_IDENTIFIER = "assaibra.Social-Network-Project";
				PRODUCT_NAME = "$(TARGET_NAME)";
				SWIFT_EMIT_LOC_STRINGS = YES;
				SWIFT_VERSION = 5.0;
				TARGETED_DEVICE_FAMILY = "1,2";
			};
			name = Debug;
		};
		B0FD0CA2298CDC94000AF6D4 /* Release */ = {
			isa = XCBuildConfiguration;
			baseConfigurationReference = F3D59929D085AD4A43B4893C /* Pods-Social_Network_Project.release.xcconfig */;
			buildSettings = {
				ASSETCATALOG_COMPILER_APPICON_NAME = AppIcon;
				ASSETCATALOG_COMPILER_GLOBAL_ACCENT_COLOR_NAME = AccentColor;
				CODE_SIGN_STYLE = Automatic;
				CURRENT_PROJECT_VERSION = 1;
				DEVELOPMENT_TEAM = W3VF76BU83;
				GENERATE_INFOPLIST_FILE = YES;
				INFOPLIST_FILE = Social_Network_Project/Info.plist;
				INFOPLIST_KEY_NSCameraUsageDescription = "Приложение запрашивает доступ к камере";
				INFOPLIST_KEY_NSPhotoLibraryUsageDescription = "Приложение запрашивает доступ к фотографиям";
				INFOPLIST_KEY_UIApplicationSupportsIndirectInputEvents = YES;
				INFOPLIST_KEY_UILaunchStoryboardName = LaunchScreen;
				INFOPLIST_KEY_UIMainStoryboardFile = Main;
				INFOPLIST_KEY_UISupportedInterfaceOrientations_iPad = "UIInterfaceOrientationPortrait UIInterfaceOrientationPortraitUpsideDown UIInterfaceOrientationLandscapeLeft UIInterfaceOrientationLandscapeRight";
				INFOPLIST_KEY_UISupportedInterfaceOrientations_iPhone = "UIInterfaceOrientationPortrait UIInterfaceOrientationLandscapeLeft UIInterfaceOrientationLandscapeRight";
				IPHONEOS_DEPLOYMENT_TARGET = 13.0;
				LD_RUNPATH_SEARCH_PATHS = (
					"$(inherited)",
					"@executable_path/Frameworks",
				);
				MARKETING_VERSION = 1.0;
				PRODUCT_BUNDLE_IDENTIFIER = "assaibra.Social-Network-Project";
				PRODUCT_NAME = "$(TARGET_NAME)";
				SWIFT_EMIT_LOC_STRINGS = YES;
				SWIFT_VERSION = 5.0;
				TARGETED_DEVICE_FAMILY = "1,2";
			};
			name = Release;
		};
		B0FD0CA4298CDC94000AF6D4 /* Debug */ = {
			isa = XCBuildConfiguration;
			baseConfigurationReference = 4043CC62F4591AB4B78F6990 /* Pods-Social_Network_ProjectTests.debug.xcconfig */;
			buildSettings = {
				ALWAYS_EMBED_SWIFT_STANDARD_LIBRARIES = YES;
				BUNDLE_LOADER = "$(TEST_HOST)";
				CODE_SIGN_STYLE = Automatic;
				CURRENT_PROJECT_VERSION = 1;
				DEVELOPMENT_TEAM = W3VF76BU83;
				GENERATE_INFOPLIST_FILE = YES;
				IPHONEOS_DEPLOYMENT_TARGET = 16.1;
				MARKETING_VERSION = 1.0;
				PRODUCT_BUNDLE_IDENTIFIER = "assaibra.Social-Network-ProjectTests";
				PRODUCT_NAME = "$(TARGET_NAME)";
				SWIFT_EMIT_LOC_STRINGS = NO;
				SWIFT_VERSION = 5.0;
				TARGETED_DEVICE_FAMILY = "1,2";
				TEST_HOST = "$(BUILT_PRODUCTS_DIR)/Social_Network_Project.app/$(BUNDLE_EXECUTABLE_FOLDER_PATH)/Social_Network_Project";
			};
			name = Debug;
		};
		B0FD0CA5298CDC94000AF6D4 /* Release */ = {
			isa = XCBuildConfiguration;
			baseConfigurationReference = B401B7A8E8D06B1860C69095 /* Pods-Social_Network_ProjectTests.release.xcconfig */;
			buildSettings = {
				ALWAYS_EMBED_SWIFT_STANDARD_LIBRARIES = YES;
				BUNDLE_LOADER = "$(TEST_HOST)";
				CODE_SIGN_STYLE = Automatic;
				CURRENT_PROJECT_VERSION = 1;
				DEVELOPMENT_TEAM = W3VF76BU83;
				GENERATE_INFOPLIST_FILE = YES;
				IPHONEOS_DEPLOYMENT_TARGET = 16.1;
				MARKETING_VERSION = 1.0;
				PRODUCT_BUNDLE_IDENTIFIER = "assaibra.Social-Network-ProjectTests";
				PRODUCT_NAME = "$(TARGET_NAME)";
				SWIFT_EMIT_LOC_STRINGS = NO;
				SWIFT_VERSION = 5.0;
				TARGETED_DEVICE_FAMILY = "1,2";
				TEST_HOST = "$(BUILT_PRODUCTS_DIR)/Social_Network_Project.app/$(BUNDLE_EXECUTABLE_FOLDER_PATH)/Social_Network_Project";
			};
			name = Release;
		};
		B0FD0CA7298CDC94000AF6D4 /* Debug */ = {
			isa = XCBuildConfiguration;
			baseConfigurationReference = 791431505EE6F0E6E2C4D633 /* Pods-Social_Network_Project-Social_Network_ProjectUITests.debug.xcconfig */;
			buildSettings = {
				ALWAYS_EMBED_SWIFT_STANDARD_LIBRARIES = YES;
				CODE_SIGN_STYLE = Automatic;
				CURRENT_PROJECT_VERSION = 1;
				DEVELOPMENT_TEAM = W3VF76BU83;
				GENERATE_INFOPLIST_FILE = YES;
				MARKETING_VERSION = 1.0;
				PRODUCT_BUNDLE_IDENTIFIER = "assaibra.Social-Network-ProjectUITests";
				PRODUCT_NAME = "$(TARGET_NAME)";
				SWIFT_EMIT_LOC_STRINGS = NO;
				SWIFT_VERSION = 5.0;
				TARGETED_DEVICE_FAMILY = "1,2";
				TEST_TARGET_NAME = Social_Network_Project;
			};
			name = Debug;
		};
		B0FD0CA8298CDC94000AF6D4 /* Release */ = {
			isa = XCBuildConfiguration;
			baseConfigurationReference = 5F7A534004EE28AAA6CF9361 /* Pods-Social_Network_Project-Social_Network_ProjectUITests.release.xcconfig */;
			buildSettings = {
				ALWAYS_EMBED_SWIFT_STANDARD_LIBRARIES = YES;
				CODE_SIGN_STYLE = Automatic;
				CURRENT_PROJECT_VERSION = 1;
				DEVELOPMENT_TEAM = W3VF76BU83;
				GENERATE_INFOPLIST_FILE = YES;
				MARKETING_VERSION = 1.0;
				PRODUCT_BUNDLE_IDENTIFIER = "assaibra.Social-Network-ProjectUITests";
				PRODUCT_NAME = "$(TARGET_NAME)";
				SWIFT_EMIT_LOC_STRINGS = NO;
				SWIFT_VERSION = 5.0;
				TARGETED_DEVICE_FAMILY = "1,2";
				TEST_TARGET_NAME = Social_Network_Project;
			};
			name = Release;
		};
/* End XCBuildConfiguration section */

/* Begin XCConfigurationList section */
		B0FD0C6E298CDC91000AF6D4 /* Build configuration list for PBXProject "Social_Network_Project" */ = {
			isa = XCConfigurationList;
			buildConfigurations = (
				B0FD0C9E298CDC94000AF6D4 /* Debug */,
				B0FD0C9F298CDC94000AF6D4 /* Release */,
			);
			defaultConfigurationIsVisible = 0;
			defaultConfigurationName = Release;
		};
		B0FD0CA0298CDC94000AF6D4 /* Build configuration list for PBXNativeTarget "Social_Network_Project" */ = {
			isa = XCConfigurationList;
			buildConfigurations = (
				B0FD0CA1298CDC94000AF6D4 /* Debug */,
				B0FD0CA2298CDC94000AF6D4 /* Release */,
			);
			defaultConfigurationIsVisible = 0;
			defaultConfigurationName = Release;
		};
		B0FD0CA3298CDC94000AF6D4 /* Build configuration list for PBXNativeTarget "Social_Network_ProjectTests" */ = {
			isa = XCConfigurationList;
			buildConfigurations = (
				B0FD0CA4298CDC94000AF6D4 /* Debug */,
				B0FD0CA5298CDC94000AF6D4 /* Release */,
			);
			defaultConfigurationIsVisible = 0;
			defaultConfigurationName = Release;
		};
		B0FD0CA6298CDC94000AF6D4 /* Build configuration list for PBXNativeTarget "Social_Network_ProjectUITests" */ = {
			isa = XCConfigurationList;
			buildConfigurations = (
				B0FD0CA7298CDC94000AF6D4 /* Debug */,
				B0FD0CA8298CDC94000AF6D4 /* Release */,
			);
			defaultConfigurationIsVisible = 0;
			defaultConfigurationName = Release;
		};
/* End XCConfigurationList section */

/* Begin XCVersionGroup section */
		B02F1A6229AE0224004F3690 /* PostData.xcdatamodeld */ = {
			isa = XCVersionGroup;
			children = (
				B02F1A6329AE0224004F3690 /* PostData.xcdatamodel */,
			);
			currentVersion = B02F1A6329AE0224004F3690 /* PostData.xcdatamodel */;
			path = PostData.xcdatamodeld;
			sourceTree = "<group>";
			versionGroupType = wrapper.xcdatamodel;
		};
		B0FD0C7F298CDC91000AF6D4 /* Social_Network_Project.xcdatamodeld */ = {
			isa = XCVersionGroup;
			children = (
				B0FD0C80298CDC91000AF6D4 /* Social_Network_Project.xcdatamodel */,
			);
			currentVersion = B0FD0C80298CDC91000AF6D4 /* Social_Network_Project.xcdatamodel */;
			path = Social_Network_Project.xcdatamodeld;
			sourceTree = "<group>";
			versionGroupType = wrapper.xcdatamodel;
		};
/* End XCVersionGroup section */
	};
	rootObject = B0FD0C6B298CDC91000AF6D4 /* Project object */;
}
